PODS:
  - Facebook-iOS-SDK (3.13.0)
  - JASidePanels (1.3.2)
  - MBProgressHUD (0.8)
  - Parse-iOS-SDK (1.2.18):
    - Facebook-iOS-SDK (~> 3.7)
  - SDWebImage (3.6):
    - SDWebImage/Core
  - SDWebImage/Core (3.6)
  - SIAlertView (1.3)
  - UIView+AutoLayout (1.3.0)
  - ViewDeck (2.2.11)

DEPENDENCIES:
  - Facebook-iOS-SDK
  - JASidePanels
  - MBProgressHUD
  - Parse-iOS-SDK
  - SDWebImage
  - SIAlertView
  - UIView+AutoLayout
  - ViewDeck (~> 2.2.8)

SPEC CHECKSUMS:
  Facebook-iOS-SDK: 762cebd849e9c2c6274ba000212c61eabec1bde8
  JASidePanels: c0e642a7311ec9cc9adfa616fa4a795e4e169f20
  MBProgressHUD: 2bbc6f470111daf7f3eaa4eb12b8cbf01c4c0622
  Parse-iOS-SDK: 48bfd538a107b6e1f29eebe59fa80c0f0b844dd1
  SDWebImage: 7eb273e54ca8a2e506ad9bd5e80c35b2a4d7c95e
  SIAlertView: e6d0d786c3a3f6e456b0e8b9376d0c34d68e827b
  UIView+AutoLayout: 43373a18797954fd8ee3b1423af364f1b80a2af8
  ViewDeck: b5eddc8559b0e47259ab7addbf2de6768061f139

COCOAPODS: 0.29.0
