<?xml version="1.0" encoding="UTF-8"?>
<!DOCTYPE plist PUBLIC "-//Apple//DTD PLIST 1.0//EN" "http://www.apple.com/DTDs/PropertyList-1.0.dtd">
<plist version="1.0">
<dict>
	<key>archiveVersion</key>
	<string>1</string>
	<key>classes</key>
	<dict/>
	<key>objectVersion</key>
	<string>46</string>
	<key>objects</key>
	<dict>
		<key>6D6183452CF6448E880D6919</key>
		<dict>
			<key>fileRef</key>
			<string>BC79BF636E65436EBBD43AA2</string>
			<key>isa</key>
			<string>PBXBuildFile</string>
		</dict>
		<key>AA61B83218D6DD8500A77443</key>
		<dict>
			<key>children</key>
			<array>
				<string>AA61B84418D6DD8500A77443</string>
				<string>AA61B86318D6DD8600A77443</string>
				<string>AA61B83D18D6DD8500A77443</string>
				<string>AA61B83C18D6DD8500A77443</string>
				<string>D0996741F86E44F1BEAAFED9</string>
			</array>
			<key>isa</key>
			<string>PBXGroup</string>
			<key>sourceTree</key>
			<string>&lt;group&gt;</string>
		</dict>
		<key>AA61B83318D6DD8500A77443</key>
		<dict>
			<key>attributes</key>
			<dict>
				<key>LastUpgradeCheck</key>
				<string>0500</string>
				<key>ORGANIZATIONNAME</key>
				<string>ctwsine</string>
				<key>TargetAttributes</key>
				<dict>
					<key>AA61B85B18D6DD8600A77443</key>
					<dict>
						<key>TestTargetID</key>
						<string>AA61B83A18D6DD8500A77443</string>
					</dict>
				</dict>
			</dict>
			<key>buildConfigurationList</key>
			<string>AA61B83618D6DD8500A77443</string>
			<key>compatibilityVersion</key>
			<string>Xcode 3.2</string>
			<key>developmentRegion</key>
			<string>English</string>
			<key>hasScannedForEncodings</key>
			<string>0</string>
			<key>isa</key>
			<string>PBXProject</string>
			<key>knownRegions</key>
			<array>
				<string>en</string>
				<string>Base</string>
			</array>
			<key>mainGroup</key>
			<string>AA61B83218D6DD8500A77443</string>
			<key>productRefGroup</key>
			<string>AA61B83C18D6DD8500A77443</string>
			<key>projectDirPath</key>
			<string></string>
			<key>projectReferences</key>
			<array/>
			<key>projectRoot</key>
			<string></string>
			<key>targets</key>
			<array>
				<string>AA61B83A18D6DD8500A77443</string>
				<string>AA61B85B18D6DD8600A77443</string>
			</array>
		</dict>
		<key>AA61B83618D6DD8500A77443</key>
		<dict>
			<key>buildConfigurations</key>
			<array>
				<string>AA61B86B18D6DD8600A77443</string>
				<string>AA61B86C18D6DD8600A77443</string>
			</array>
			<key>defaultConfigurationIsVisible</key>
			<string>0</string>
			<key>defaultConfigurationName</key>
			<string>Release</string>
			<key>isa</key>
			<string>XCConfigurationList</string>
		</dict>
		<key>AA61B83718D6DD8500A77443</key>
		<dict>
			<key>buildActionMask</key>
			<string>2147483647</string>
			<key>files</key>
			<array>
				<string>AA61B88518D6EB2900A77443</string>
				<string>AA65440318D87D1E00D3EC56</string>
				<string>AA61B87F18D6EAD700A77443</string>
				<string>AA61B88B18D6EB9900A77443</string>
				<string>AA6543F718D80EB700D3EC56</string>
				<string>AA61B84F18D6DD8500A77443</string>
				<string>AA6543FD18D80F1C00D3EC56</string>
				<string>AA61B89118D6EBCB00A77443</string>
				<string>AA61B87C18D6E5AD00A77443</string>
				<string>AA61B84B18D6DD8500A77443</string>
				<string>AA65440018D87D0000D3EC56</string>
				<string>AA61B88818D6EB7800A77443</string>
				<string>AA61B88218D6EAEE00A77443</string>
				<string>AA61B89418D6EBE700A77443</string>
				<string>AA6543FA18D80EDF00D3EC56</string>
				<string>AA6543EB18D7E1F300D3EC56</string>
				<string>AA6543F418D7E5D000D3EC56</string>
				<string>AA6543EE18D7E32D00D3EC56</string>
				<string>AA61B89718D6ECCE00A77443</string>
				<string>AA61B88E18D6EBA900A77443</string>
				<string>AA6543F118D7E35F00D3EC56</string>
			</array>
			<key>isa</key>
			<string>PBXSourcesBuildPhase</string>
			<key>runOnlyForDeploymentPostprocessing</key>
			<string>0</string>
		</dict>
		<key>AA61B83818D6DD8500A77443</key>
		<dict>
			<key>buildActionMask</key>
			<string>2147483647</string>
			<key>files</key>
			<array>
				<string>AA61B84118D6DD8500A77443</string>
				<string>AA61B84318D6DD8500A77443</string>
				<string>AA61B83F18D6DD8500A77443</string>
				<string>6D6183452CF6448E880D6919</string>
			</array>
			<key>isa</key>
			<string>PBXFrameworksBuildPhase</string>
			<key>runOnlyForDeploymentPostprocessing</key>
			<string>0</string>
		</dict>
		<key>AA61B83918D6DD8500A77443</key>
		<dict>
			<key>buildActionMask</key>
			<string>2147483647</string>
			<key>files</key>
			<array>
				<string>AA61B85718D6DD8500A77443</string>
				<string>AA61B84918D6DD8500A77443</string>
				<string>AA61B85218D6DD8500A77443</string>
			</array>
			<key>isa</key>
			<string>PBXResourcesBuildPhase</string>
			<key>runOnlyForDeploymentPostprocessing</key>
			<string>0</string>
		</dict>
		<key>AA61B83A18D6DD8500A77443</key>
		<dict>
			<key>buildConfigurationList</key>
			<string>AA61B86D18D6DD8600A77443</string>
			<key>buildPhases</key>
			<array>
				<string>D479EA8F3DF2409C925A6A77</string>
				<string>AA61B83718D6DD8500A77443</string>
				<string>AA61B83818D6DD8500A77443</string>
				<string>AA61B83918D6DD8500A77443</string>
				<string>DB30F5E83B0F424193F02F88</string>
			</array>
			<key>buildRules</key>
			<array/>
			<key>dependencies</key>
			<array/>
			<key>isa</key>
			<string>PBXNativeTarget</string>
			<key>name</key>
			<string>tripstr</string>
			<key>productName</key>
			<string>tripstr</string>
			<key>productReference</key>
			<string>AA61B83B18D6DD8500A77443</string>
			<key>productType</key>
			<string>com.apple.product-type.application</string>
		</dict>
		<key>AA61B83B18D6DD8500A77443</key>
		<dict>
			<key>explicitFileType</key>
			<string>wrapper.application</string>
			<key>includeInIndex</key>
			<string>0</string>
			<key>isa</key>
			<string>PBXFileReference</string>
			<key>path</key>
			<string>tripstr.app</string>
			<key>sourceTree</key>
			<string>BUILT_PRODUCTS_DIR</string>
		</dict>
		<key>AA61B83C18D6DD8500A77443</key>
		<dict>
			<key>children</key>
			<array>
				<string>AA61B83B18D6DD8500A77443</string>
				<string>AA61B85C18D6DD8600A77443</string>
			</array>
			<key>isa</key>
			<string>PBXGroup</string>
			<key>name</key>
			<string>Products</string>
			<key>sourceTree</key>
			<string>&lt;group&gt;</string>
		</dict>
		<key>AA61B83D18D6DD8500A77443</key>
		<dict>
			<key>children</key>
			<array>
				<string>AA61B83E18D6DD8500A77443</string>
				<string>AA61B84018D6DD8500A77443</string>
				<string>AA61B84218D6DD8500A77443</string>
				<string>AA61B85D18D6DD8600A77443</string>
				<string>BC79BF636E65436EBBD43AA2</string>
			</array>
			<key>isa</key>
			<string>PBXGroup</string>
			<key>name</key>
			<string>Frameworks</string>
			<key>sourceTree</key>
			<string>&lt;group&gt;</string>
		</dict>
		<key>AA61B83E18D6DD8500A77443</key>
		<dict>
			<key>isa</key>
			<string>PBXFileReference</string>
			<key>lastKnownFileType</key>
			<string>wrapper.framework</string>
			<key>name</key>
			<string>Foundation.framework</string>
			<key>path</key>
			<string>System/Library/Frameworks/Foundation.framework</string>
			<key>sourceTree</key>
			<string>SDKROOT</string>
		</dict>
		<key>AA61B83F18D6DD8500A77443</key>
		<dict>
			<key>fileRef</key>
			<string>AA61B83E18D6DD8500A77443</string>
			<key>isa</key>
			<string>PBXBuildFile</string>
		</dict>
		<key>AA61B84018D6DD8500A77443</key>
		<dict>
			<key>isa</key>
			<string>PBXFileReference</string>
			<key>lastKnownFileType</key>
			<string>wrapper.framework</string>
			<key>name</key>
			<string>CoreGraphics.framework</string>
			<key>path</key>
			<string>System/Library/Frameworks/CoreGraphics.framework</string>
			<key>sourceTree</key>
			<string>SDKROOT</string>
		</dict>
		<key>AA61B84118D6DD8500A77443</key>
		<dict>
			<key>fileRef</key>
			<string>AA61B84018D6DD8500A77443</string>
			<key>isa</key>
			<string>PBXBuildFile</string>
		</dict>
		<key>AA61B84218D6DD8500A77443</key>
		<dict>
			<key>isa</key>
			<string>PBXFileReference</string>
			<key>lastKnownFileType</key>
			<string>wrapper.framework</string>
			<key>name</key>
			<string>UIKit.framework</string>
			<key>path</key>
			<string>System/Library/Frameworks/UIKit.framework</string>
			<key>sourceTree</key>
			<string>SDKROOT</string>
		</dict>
		<key>AA61B84318D6DD8500A77443</key>
		<dict>
			<key>fileRef</key>
			<string>AA61B84218D6DD8500A77443</string>
			<key>isa</key>
			<string>PBXBuildFile</string>
		</dict>
		<key>AA61B84418D6DD8500A77443</key>
		<dict>
			<key>children</key>
			<array>
				<string>AA61B87918D6E4EA00A77443</string>
				<string>AA61B87818D6E4E000A77443</string>
				<string>AA61B87718D6E4D600A77443</string>
				<string>AA61B87618D6E4CF00A77443</string>
				<string>AA61B87318D6E4BD00A77443</string>
				<string>AA61B84D18D6DD8500A77443</string>
				<string>AA61B84E18D6DD8500A77443</string>
				<string>AA61B85618D6DD8500A77443</string>
				<string>AA61B84518D6DD8500A77443</string>
			</array>
			<key>isa</key>
			<string>PBXGroup</string>
			<key>path</key>
			<string>tripstr</string>
			<key>sourceTree</key>
			<string>&lt;group&gt;</string>
		</dict>
		<key>AA61B84518D6DD8500A77443</key>
		<dict>
			<key>children</key>
			<array>
				<string>AA61B84618D6DD8500A77443</string>
				<string>AA61B84718D6DD8500A77443</string>
				<string>AA61B84A18D6DD8500A77443</string>
				<string>AA61B84C18D6DD8500A77443</string>
			</array>
			<key>isa</key>
			<string>PBXGroup</string>
			<key>name</key>
			<string>Supporting Files</string>
			<key>sourceTree</key>
			<string>&lt;group&gt;</string>
		</dict>
		<key>AA61B84618D6DD8500A77443</key>
		<dict>
			<key>isa</key>
			<string>PBXFileReference</string>
			<key>lastKnownFileType</key>
			<string>text.plist.xml</string>
			<key>path</key>
			<string>tripstr-Info.plist</string>
			<key>sourceTree</key>
			<string>&lt;group&gt;</string>
		</dict>
		<key>AA61B84718D6DD8500A77443</key>
		<dict>
			<key>children</key>
			<array>
				<string>AA61B84818D6DD8500A77443</string>
			</array>
			<key>isa</key>
			<string>PBXVariantGroup</string>
			<key>name</key>
			<string>InfoPlist.strings</string>
			<key>sourceTree</key>
			<string>&lt;group&gt;</string>
		</dict>
		<key>AA61B84818D6DD8500A77443</key>
		<dict>
			<key>isa</key>
			<string>PBXFileReference</string>
			<key>lastKnownFileType</key>
			<string>text.plist.strings</string>
			<key>name</key>
			<string>en</string>
			<key>path</key>
			<string>en.lproj/InfoPlist.strings</string>
			<key>sourceTree</key>
			<string>&lt;group&gt;</string>
		</dict>
		<key>AA61B84918D6DD8500A77443</key>
		<dict>
			<key>fileRef</key>
			<string>AA61B84718D6DD8500A77443</string>
			<key>isa</key>
			<string>PBXBuildFile</string>
		</dict>
		<key>AA61B84A18D6DD8500A77443</key>
		<dict>
			<key>isa</key>
			<string>PBXFileReference</string>
			<key>lastKnownFileType</key>
			<string>sourcecode.c.objc</string>
			<key>path</key>
			<string>main.m</string>
			<key>sourceTree</key>
			<string>&lt;group&gt;</string>
		</dict>
		<key>AA61B84B18D6DD8500A77443</key>
		<dict>
			<key>fileRef</key>
			<string>AA61B84A18D6DD8500A77443</string>
			<key>isa</key>
			<string>PBXBuildFile</string>
		</dict>
		<key>AA61B84C18D6DD8500A77443</key>
		<dict>
			<key>isa</key>
			<string>PBXFileReference</string>
			<key>lastKnownFileType</key>
			<string>sourcecode.c.h</string>
			<key>path</key>
			<string>tripstr-Prefix.pch</string>
			<key>sourceTree</key>
			<string>&lt;group&gt;</string>
		</dict>
		<key>AA61B84D18D6DD8500A77443</key>
		<dict>
			<key>isa</key>
			<string>PBXFileReference</string>
			<key>lastKnownFileType</key>
			<string>sourcecode.c.h</string>
			<key>path</key>
			<string>AppDelegate.h</string>
			<key>sourceTree</key>
			<string>&lt;group&gt;</string>
		</dict>
		<key>AA61B84E18D6DD8500A77443</key>
		<dict>
			<key>isa</key>
			<string>PBXFileReference</string>
			<key>lastKnownFileType</key>
			<string>sourcecode.c.objc</string>
			<key>path</key>
			<string>AppDelegate.m</string>
			<key>sourceTree</key>
			<string>&lt;group&gt;</string>
		</dict>
		<key>AA61B84F18D6DD8500A77443</key>
		<dict>
			<key>fileRef</key>
			<string>AA61B84E18D6DD8500A77443</string>
			<key>isa</key>
			<string>PBXBuildFile</string>
		</dict>
		<key>AA61B85018D6DD8500A77443</key>
		<dict>
			<key>children</key>
			<array>
				<string>AA61B85118D6DD8500A77443</string>
			</array>
			<key>isa</key>
			<string>PBXVariantGroup</string>
			<key>name</key>
			<string>Main.storyboard</string>
			<key>sourceTree</key>
			<string>&lt;group&gt;</string>
		</dict>
		<key>AA61B85118D6DD8500A77443</key>
		<dict>
			<key>isa</key>
			<string>PBXFileReference</string>
			<key>lastKnownFileType</key>
			<string>file.storyboard</string>
			<key>name</key>
			<string>Base</string>
			<key>path</key>
			<string>Base.lproj/Main.storyboard</string>
			<key>sourceTree</key>
			<string>&lt;group&gt;</string>
		</dict>
		<key>AA61B85218D6DD8500A77443</key>
		<dict>
			<key>fileRef</key>
			<string>AA61B85018D6DD8500A77443</string>
			<key>isa</key>
			<string>PBXBuildFile</string>
		</dict>
		<key>AA61B85618D6DD8500A77443</key>
		<dict>
			<key>isa</key>
			<string>PBXFileReference</string>
			<key>lastKnownFileType</key>
			<string>folder.assetcatalog</string>
			<key>path</key>
			<string>Images.xcassets</string>
			<key>sourceTree</key>
			<string>&lt;group&gt;</string>
		</dict>
		<key>AA61B85718D6DD8500A77443</key>
		<dict>
			<key>fileRef</key>
			<string>AA61B85618D6DD8500A77443</string>
			<key>isa</key>
			<string>PBXBuildFile</string>
		</dict>
		<key>AA61B85818D6DD8600A77443</key>
		<dict>
			<key>buildActionMask</key>
			<string>2147483647</string>
			<key>files</key>
			<array>
				<string>AA61B86A18D6DD8600A77443</string>
			</array>
			<key>isa</key>
			<string>PBXSourcesBuildPhase</string>
			<key>runOnlyForDeploymentPostprocessing</key>
			<string>0</string>
		</dict>
		<key>AA61B85918D6DD8600A77443</key>
		<dict>
			<key>buildActionMask</key>
			<string>2147483647</string>
			<key>files</key>
			<array>
				<string>AA61B85E18D6DD8600A77443</string>
				<string>AA61B86018D6DD8600A77443</string>
				<string>AA61B85F18D6DD8600A77443</string>
			</array>
			<key>isa</key>
			<string>PBXFrameworksBuildPhase</string>
			<key>runOnlyForDeploymentPostprocessing</key>
			<string>0</string>
		</dict>
		<key>AA61B85A18D6DD8600A77443</key>
		<dict>
			<key>buildActionMask</key>
			<string>2147483647</string>
			<key>files</key>
			<array>
				<string>AA61B86818D6DD8600A77443</string>
			</array>
			<key>isa</key>
			<string>PBXResourcesBuildPhase</string>
			<key>runOnlyForDeploymentPostprocessing</key>
			<string>0</string>
		</dict>
		<key>AA61B85B18D6DD8600A77443</key>
		<dict>
			<key>buildConfigurationList</key>
			<string>AA61B87018D6DD8600A77443</string>
			<key>buildPhases</key>
			<array>
				<string>AA61B85818D6DD8600A77443</string>
				<string>AA61B85918D6DD8600A77443</string>
				<string>AA61B85A18D6DD8600A77443</string>
			</array>
			<key>buildRules</key>
			<array/>
			<key>dependencies</key>
			<array>
				<string>AA61B86218D6DD8600A77443</string>
			</array>
			<key>isa</key>
			<string>PBXNativeTarget</string>
			<key>name</key>
			<string>tripstrTests</string>
			<key>productName</key>
			<string>tripstrTests</string>
			<key>productReference</key>
			<string>AA61B85C18D6DD8600A77443</string>
			<key>productType</key>
			<string>com.apple.product-type.bundle.unit-test</string>
		</dict>
		<key>AA61B85C18D6DD8600A77443</key>
		<dict>
			<key>explicitFileType</key>
			<string>wrapper.cfbundle</string>
			<key>includeInIndex</key>
			<string>0</string>
			<key>isa</key>
			<string>PBXFileReference</string>
			<key>path</key>
			<string>tripstrTests.xctest</string>
			<key>sourceTree</key>
			<string>BUILT_PRODUCTS_DIR</string>
		</dict>
		<key>AA61B85D18D6DD8600A77443</key>
		<dict>
			<key>isa</key>
			<string>PBXFileReference</string>
			<key>lastKnownFileType</key>
			<string>wrapper.framework</string>
			<key>name</key>
			<string>XCTest.framework</string>
			<key>path</key>
			<string>Library/Frameworks/XCTest.framework</string>
			<key>sourceTree</key>
			<string>DEVELOPER_DIR</string>
		</dict>
		<key>AA61B85E18D6DD8600A77443</key>
		<dict>
			<key>fileRef</key>
			<string>AA61B85D18D6DD8600A77443</string>
			<key>isa</key>
			<string>PBXBuildFile</string>
		</dict>
		<key>AA61B85F18D6DD8600A77443</key>
		<dict>
			<key>fileRef</key>
			<string>AA61B83E18D6DD8500A77443</string>
			<key>isa</key>
			<string>PBXBuildFile</string>
		</dict>
		<key>AA61B86018D6DD8600A77443</key>
		<dict>
			<key>fileRef</key>
			<string>AA61B84218D6DD8500A77443</string>
			<key>isa</key>
			<string>PBXBuildFile</string>
		</dict>
		<key>AA61B86118D6DD8600A77443</key>
		<dict>
			<key>containerPortal</key>
			<string>AA61B83318D6DD8500A77443</string>
			<key>isa</key>
			<string>PBXContainerItemProxy</string>
			<key>proxyType</key>
			<string>1</string>
			<key>remoteGlobalIDString</key>
			<string>AA61B83A18D6DD8500A77443</string>
			<key>remoteInfo</key>
			<string>tripstr</string>
		</dict>
		<key>AA61B86218D6DD8600A77443</key>
		<dict>
			<key>isa</key>
			<string>PBXTargetDependency</string>
			<key>target</key>
			<string>AA61B83A18D6DD8500A77443</string>
			<key>targetProxy</key>
			<string>AA61B86118D6DD8600A77443</string>
		</dict>
		<key>AA61B86318D6DD8600A77443</key>
		<dict>
			<key>children</key>
			<array>
				<string>AA61B86918D6DD8600A77443</string>
				<string>AA61B86418D6DD8600A77443</string>
			</array>
			<key>isa</key>
			<string>PBXGroup</string>
			<key>path</key>
			<string>tripstrTests</string>
			<key>sourceTree</key>
			<string>&lt;group&gt;</string>
		</dict>
		<key>AA61B86418D6DD8600A77443</key>
		<dict>
			<key>children</key>
			<array>
				<string>AA61B86518D6DD8600A77443</string>
				<string>AA61B86618D6DD8600A77443</string>
			</array>
			<key>isa</key>
			<string>PBXGroup</string>
			<key>name</key>
			<string>Supporting Files</string>
			<key>sourceTree</key>
			<string>&lt;group&gt;</string>
		</dict>
		<key>AA61B86518D6DD8600A77443</key>
		<dict>
			<key>isa</key>
			<string>PBXFileReference</string>
			<key>lastKnownFileType</key>
			<string>text.plist.xml</string>
			<key>path</key>
			<string>tripstrTests-Info.plist</string>
			<key>sourceTree</key>
			<string>&lt;group&gt;</string>
		</dict>
		<key>AA61B86618D6DD8600A77443</key>
		<dict>
			<key>children</key>
			<array>
				<string>AA61B86718D6DD8600A77443</string>
			</array>
			<key>isa</key>
			<string>PBXVariantGroup</string>
			<key>name</key>
			<string>InfoPlist.strings</string>
			<key>sourceTree</key>
			<string>&lt;group&gt;</string>
		</dict>
		<key>AA61B86718D6DD8600A77443</key>
		<dict>
			<key>isa</key>
			<string>PBXFileReference</string>
			<key>lastKnownFileType</key>
			<string>text.plist.strings</string>
			<key>name</key>
			<string>en</string>
			<key>path</key>
			<string>en.lproj/InfoPlist.strings</string>
			<key>sourceTree</key>
			<string>&lt;group&gt;</string>
		</dict>
		<key>AA61B86818D6DD8600A77443</key>
		<dict>
			<key>fileRef</key>
			<string>AA61B86618D6DD8600A77443</string>
			<key>isa</key>
			<string>PBXBuildFile</string>
		</dict>
		<key>AA61B86918D6DD8600A77443</key>
		<dict>
			<key>isa</key>
			<string>PBXFileReference</string>
			<key>lastKnownFileType</key>
			<string>sourcecode.c.objc</string>
			<key>path</key>
			<string>tripstrTests.m</string>
			<key>sourceTree</key>
			<string>&lt;group&gt;</string>
		</dict>
		<key>AA61B86A18D6DD8600A77443</key>
		<dict>
			<key>fileRef</key>
			<string>AA61B86918D6DD8600A77443</string>
			<key>isa</key>
			<string>PBXBuildFile</string>
		</dict>
		<key>AA61B86B18D6DD8600A77443</key>
		<dict>
			<key>buildSettings</key>
			<dict>
				<key>ALWAYS_SEARCH_USER_PATHS</key>
				<string>NO</string>
				<key>ARCHS</key>
				<string>$(ARCHS_STANDARD_INCLUDING_64_BIT)</string>
				<key>CLANG_CXX_LANGUAGE_STANDARD</key>
				<string>gnu++0x</string>
				<key>CLANG_CXX_LIBRARY</key>
				<string>libc++</string>
				<key>CLANG_ENABLE_MODULES</key>
				<string>YES</string>
				<key>CLANG_ENABLE_OBJC_ARC</key>
				<string>YES</string>
				<key>CLANG_WARN_BOOL_CONVERSION</key>
				<string>YES</string>
				<key>CLANG_WARN_CONSTANT_CONVERSION</key>
				<string>YES</string>
				<key>CLANG_WARN_DIRECT_OBJC_ISA_USAGE</key>
				<string>YES_ERROR</string>
				<key>CLANG_WARN_EMPTY_BODY</key>
				<string>YES</string>
				<key>CLANG_WARN_ENUM_CONVERSION</key>
				<string>YES</string>
				<key>CLANG_WARN_INT_CONVERSION</key>
				<string>YES</string>
				<key>CLANG_WARN_OBJC_ROOT_CLASS</key>
				<string>YES_ERROR</string>
				<key>CLANG_WARN__DUPLICATE_METHOD_MATCH</key>
				<string>YES</string>
				<key>CODE_SIGN_IDENTITY[sdk=iphoneos*]</key>
				<string>iPhone Developer</string>
				<key>COPY_PHASE_STRIP</key>
				<string>NO</string>
				<key>GCC_C_LANGUAGE_STANDARD</key>
				<string>gnu99</string>
				<key>GCC_DYNAMIC_NO_PIC</key>
				<string>NO</string>
				<key>GCC_OPTIMIZATION_LEVEL</key>
				<string>0</string>
				<key>GCC_PREPROCESSOR_DEFINITIONS</key>
				<array>
					<string>DEBUG=1</string>
					<string>$(inherited)</string>
				</array>
				<key>GCC_SYMBOLS_PRIVATE_EXTERN</key>
				<string>NO</string>
				<key>GCC_WARN_64_TO_32_BIT_CONVERSION</key>
				<string>YES</string>
				<key>GCC_WARN_ABOUT_RETURN_TYPE</key>
				<string>YES_ERROR</string>
				<key>GCC_WARN_UNDECLARED_SELECTOR</key>
				<string>YES</string>
				<key>GCC_WARN_UNINITIALIZED_AUTOS</key>
				<string>YES</string>
				<key>GCC_WARN_UNUSED_FUNCTION</key>
				<string>YES</string>
				<key>GCC_WARN_UNUSED_VARIABLE</key>
				<string>YES</string>
				<key>IPHONEOS_DEPLOYMENT_TARGET</key>
				<string>7.0</string>
				<key>ONLY_ACTIVE_ARCH</key>
				<string>YES</string>
				<key>SDKROOT</key>
				<string>iphoneos</string>
			</dict>
			<key>isa</key>
			<string>XCBuildConfiguration</string>
			<key>name</key>
			<string>Debug</string>
		</dict>
		<key>AA61B86C18D6DD8600A77443</key>
		<dict>
			<key>buildSettings</key>
			<dict>
				<key>ALWAYS_SEARCH_USER_PATHS</key>
				<string>NO</string>
				<key>ARCHS</key>
				<string>$(ARCHS_STANDARD_INCLUDING_64_BIT)</string>
				<key>CLANG_CXX_LANGUAGE_STANDARD</key>
				<string>gnu++0x</string>
				<key>CLANG_CXX_LIBRARY</key>
				<string>libc++</string>
				<key>CLANG_ENABLE_MODULES</key>
				<string>YES</string>
				<key>CLANG_ENABLE_OBJC_ARC</key>
				<string>YES</string>
				<key>CLANG_WARN_BOOL_CONVERSION</key>
				<string>YES</string>
				<key>CLANG_WARN_CONSTANT_CONVERSION</key>
				<string>YES</string>
				<key>CLANG_WARN_DIRECT_OBJC_ISA_USAGE</key>
				<string>YES_ERROR</string>
				<key>CLANG_WARN_EMPTY_BODY</key>
				<string>YES</string>
				<key>CLANG_WARN_ENUM_CONVERSION</key>
				<string>YES</string>
				<key>CLANG_WARN_INT_CONVERSION</key>
				<string>YES</string>
				<key>CLANG_WARN_OBJC_ROOT_CLASS</key>
				<string>YES_ERROR</string>
				<key>CLANG_WARN__DUPLICATE_METHOD_MATCH</key>
				<string>YES</string>
				<key>CODE_SIGN_IDENTITY[sdk=iphoneos*]</key>
				<string>iPhone Developer</string>
				<key>COPY_PHASE_STRIP</key>
				<string>YES</string>
				<key>ENABLE_NS_ASSERTIONS</key>
				<string>NO</string>
				<key>GCC_C_LANGUAGE_STANDARD</key>
				<string>gnu99</string>
				<key>GCC_WARN_64_TO_32_BIT_CONVERSION</key>
				<string>YES</string>
				<key>GCC_WARN_ABOUT_RETURN_TYPE</key>
				<string>YES_ERROR</string>
				<key>GCC_WARN_UNDECLARED_SELECTOR</key>
				<string>YES</string>
				<key>GCC_WARN_UNINITIALIZED_AUTOS</key>
				<string>YES</string>
				<key>GCC_WARN_UNUSED_FUNCTION</key>
				<string>YES</string>
				<key>GCC_WARN_UNUSED_VARIABLE</key>
				<string>YES</string>
				<key>IPHONEOS_DEPLOYMENT_TARGET</key>
				<string>7.0</string>
				<key>SDKROOT</key>
				<string>iphoneos</string>
				<key>VALIDATE_PRODUCT</key>
				<string>YES</string>
			</dict>
			<key>isa</key>
			<string>XCBuildConfiguration</string>
			<key>name</key>
			<string>Release</string>
		</dict>
		<key>AA61B86D18D6DD8600A77443</key>
		<dict>
			<key>buildConfigurations</key>
			<array>
				<string>AA61B86E18D6DD8600A77443</string>
				<string>AA61B86F18D6DD8600A77443</string>
			</array>
			<key>defaultConfigurationIsVisible</key>
			<string>0</string>
			<key>defaultConfigurationName</key>
			<string>Release</string>
			<key>isa</key>
			<string>XCConfigurationList</string>
		</dict>
		<key>AA61B86E18D6DD8600A77443</key>
		<dict>
			<key>baseConfigurationReference</key>
			<string>D0996741F86E44F1BEAAFED9</string>
			<key>buildSettings</key>
			<dict>
				<key>ASSETCATALOG_COMPILER_APPICON_NAME</key>
				<string>AppIcon</string>
				<key>ASSETCATALOG_COMPILER_LAUNCHIMAGE_NAME</key>
				<string>LaunchImage</string>
				<key>GCC_PRECOMPILE_PREFIX_HEADER</key>
				<string>YES</string>
				<key>GCC_PREFIX_HEADER</key>
				<string>tripstr/tripstr-Prefix.pch</string>
				<key>INFOPLIST_FILE</key>
				<string>tripstr/tripstr-Info.plist</string>
				<key>PRODUCT_NAME</key>
				<string>$(TARGET_NAME)</string>
				<key>WRAPPER_EXTENSION</key>
				<string>app</string>
			</dict>
			<key>isa</key>
			<string>XCBuildConfiguration</string>
			<key>name</key>
			<string>Debug</string>
		</dict>
		<key>AA61B86F18D6DD8600A77443</key>
		<dict>
			<key>baseConfigurationReference</key>
			<string>D0996741F86E44F1BEAAFED9</string>
			<key>buildSettings</key>
			<dict>
				<key>ASSETCATALOG_COMPILER_APPICON_NAME</key>
				<string>AppIcon</string>
				<key>ASSETCATALOG_COMPILER_LAUNCHIMAGE_NAME</key>
				<string>LaunchImage</string>
				<key>GCC_PRECOMPILE_PREFIX_HEADER</key>
				<string>YES</string>
				<key>GCC_PREFIX_HEADER</key>
				<string>tripstr/tripstr-Prefix.pch</string>
				<key>INFOPLIST_FILE</key>
				<string>tripstr/tripstr-Info.plist</string>
				<key>PRODUCT_NAME</key>
				<string>$(TARGET_NAME)</string>
				<key>WRAPPER_EXTENSION</key>
				<string>app</string>
			</dict>
			<key>isa</key>
			<string>XCBuildConfiguration</string>
			<key>name</key>
			<string>Release</string>
		</dict>
		<key>AA61B87018D6DD8600A77443</key>
		<dict>
			<key>buildConfigurations</key>
			<array>
				<string>AA61B87118D6DD8600A77443</string>
				<string>AA61B87218D6DD8600A77443</string>
			</array>
			<key>defaultConfigurationIsVisible</key>
			<string>0</string>
			<key>defaultConfigurationName</key>
			<string>Release</string>
			<key>isa</key>
			<string>XCConfigurationList</string>
		</dict>
		<key>AA61B87118D6DD8600A77443</key>
		<dict>
			<key>buildSettings</key>
			<dict>
				<key>ARCHS</key>
				<string>$(ARCHS_STANDARD_INCLUDING_64_BIT)</string>
				<key>BUNDLE_LOADER</key>
				<string>$(BUILT_PRODUCTS_DIR)/tripstr.app/tripstr</string>
				<key>FRAMEWORK_SEARCH_PATHS</key>
				<array>
					<string>$(SDKROOT)/Developer/Library/Frameworks</string>
					<string>$(inherited)</string>
					<string>$(DEVELOPER_FRAMEWORKS_DIR)</string>
				</array>
				<key>GCC_PRECOMPILE_PREFIX_HEADER</key>
				<string>YES</string>
				<key>GCC_PREFIX_HEADER</key>
				<string>tripstr/tripstr-Prefix.pch</string>
				<key>GCC_PREPROCESSOR_DEFINITIONS</key>
				<array>
					<string>DEBUG=1</string>
					<string>$(inherited)</string>
				</array>
				<key>INFOPLIST_FILE</key>
				<string>tripstrTests/tripstrTests-Info.plist</string>
				<key>PRODUCT_NAME</key>
				<string>$(TARGET_NAME)</string>
				<key>TEST_HOST</key>
				<string>$(BUNDLE_LOADER)</string>
				<key>WRAPPER_EXTENSION</key>
				<string>xctest</string>
			</dict>
			<key>isa</key>
			<string>XCBuildConfiguration</string>
			<key>name</key>
			<string>Debug</string>
		</dict>
		<key>AA61B87218D6DD8600A77443</key>
		<dict>
			<key>buildSettings</key>
			<dict>
				<key>ARCHS</key>
				<string>$(ARCHS_STANDARD_INCLUDING_64_BIT)</string>
				<key>BUNDLE_LOADER</key>
				<string>$(BUILT_PRODUCTS_DIR)/tripstr.app/tripstr</string>
				<key>FRAMEWORK_SEARCH_PATHS</key>
				<array>
					<string>$(SDKROOT)/Developer/Library/Frameworks</string>
					<string>$(inherited)</string>
					<string>$(DEVELOPER_FRAMEWORKS_DIR)</string>
				</array>
				<key>GCC_PRECOMPILE_PREFIX_HEADER</key>
				<string>YES</string>
				<key>GCC_PREFIX_HEADER</key>
				<string>tripstr/tripstr-Prefix.pch</string>
				<key>INFOPLIST_FILE</key>
				<string>tripstrTests/tripstrTests-Info.plist</string>
				<key>PRODUCT_NAME</key>
				<string>$(TARGET_NAME)</string>
				<key>TEST_HOST</key>
				<string>$(BUNDLE_LOADER)</string>
				<key>WRAPPER_EXTENSION</key>
				<string>xctest</string>
			</dict>
			<key>isa</key>
			<string>XCBuildConfiguration</string>
			<key>name</key>
			<string>Release</string>
		</dict>
		<key>AA61B87318D6E4BD00A77443</key>
		<dict>
			<key>children</key>
			<array>
				<string>AA6543E918D7E1F300D3EC56</string>
				<string>AA6543EA18D7E1F300D3EC56</string>
				<string>AA6543F218D7E5D000D3EC56</string>
				<string>AA6543F318D7E5D000D3EC56</string>
				<string>AA6543F518D80EB700D3EC56</string>
				<string>AA6543F618D80EB700D3EC56</string>
				<string>AA6543F818D80EDF00D3EC56</string>
				<string>AA6543F918D80EDF00D3EC56</string>
				<string>AA6543FE18D87D0000D3EC56</string>
				<string>AA6543FF18D87D0000D3EC56</string>
				<string>AA65440118D87D1E00D3EC56</string>
				<string>AA65440218D87D1E00D3EC56</string>
			</array>
			<key>isa</key>
			<string>PBXGroup</string>
			<key>name</key>
			<string>Views</string>
			<key>sourceTree</key>
			<string>&lt;group&gt;</string>
		</dict>
		<key>AA61B87618D6E4CF00A77443</key>
		<dict>
			<key>children</key>
			<array>
				<string>AA61B87A18D6E5AD00A77443</string>
				<string>AA61B87B18D6E5AD00A77443</string>
				<string>AA61B87D18D6EAD700A77443</string>
				<string>AA61B87E18D6EAD700A77443</string>
				<string>AA61B88018D6EAEE00A77443</string>
				<string>AA61B88118D6EAEE00A77443</string>
				<string>AA61B88318D6EB2900A77443</string>
				<string>AA61B88418D6EB2900A77443</string>
				<string>AA61B88618D6EB7800A77443</string>
				<string>AA61B88718D6EB7800A77443</string>
				<string>AA61B88918D6EB9900A77443</string>
				<string>AA61B88A18D6EB9900A77443</string>
				<string>AA61B88C18D6EBA900A77443</string>
				<string>AA61B88D18D6EBA900A77443</string>
				<string>AA61B88F18D6EBCB00A77443</string>
				<string>AA61B89018D6EBCB00A77443</string>
				<string>AA61B89218D6EBE700A77443</string>
				<string>AA61B89318D6EBE700A77443</string>
				<string>AA61B89518D6ECCE00A77443</string>
				<string>AA61B89618D6ECCE00A77443</string>
				<string>AA6543EF18D7E35F00D3EC56</string>
				<string>AA6543F018D7E35F00D3EC56</string>
			</array>
			<key>isa</key>
			<string>PBXGroup</string>
			<key>name</key>
			<string>Controllers</string>
			<key>sourceTree</key>
			<string>&lt;group&gt;</string>
		</dict>
		<key>AA61B87718D6E4D600A77443</key>
		<dict>
			<key>children</key>
			<array>
				<string>AA6543EC18D7E32D00D3EC56</string>
				<string>AA6543ED18D7E32D00D3EC56</string>
				<string>AA6543FB18D80F1C00D3EC56</string>
				<string>AA6543FC18D80F1C00D3EC56</string>
			</array>
			<key>isa</key>
			<string>PBXGroup</string>
			<key>name</key>
			<string>Models</string>
			<key>sourceTree</key>
			<string>&lt;group&gt;</string>
		</dict>
		<key>AA61B87818D6E4E000A77443</key>
		<dict>
			<key>children</key>
			<array>
				<string>AA61B85018D6DD8500A77443</string>
			</array>
			<key>isa</key>
			<string>PBXGroup</string>
			<key>name</key>
			<string>StoryBoard</string>
			<key>sourceTree</key>
			<string>&lt;group&gt;</string>
		</dict>
		<key>AA61B87918D6E4EA00A77443</key>
		<dict>
			<key>children</key>
			<array/>
			<key>isa</key>
			<string>PBXGroup</string>
			<key>name</key>
			<string>Helpers</string>
			<key>sourceTree</key>
			<string>&lt;group&gt;</string>
		</dict>
		<key>AA61B87A18D6E5AD00A77443</key>
		<dict>
			<key>fileEncoding</key>
			<string>4</string>
			<key>isa</key>
			<string>PBXFileReference</string>
			<key>lastKnownFileType</key>
			<string>sourcecode.c.h</string>
			<key>name</key>
			<string>BrowseViewController.h</string>
			<key>path</key>
			<string>Controllers/BrowseViewController.h</string>
			<key>sourceTree</key>
			<string>&lt;group&gt;</string>
		</dict>
		<key>AA61B87B18D6E5AD00A77443</key>
		<dict>
			<key>fileEncoding</key>
			<string>4</string>
			<key>isa</key>
			<string>PBXFileReference</string>
			<key>lastKnownFileType</key>
			<string>sourcecode.c.objc</string>
			<key>name</key>
			<string>BrowseViewController.m</string>
			<key>path</key>
			<string>Controllers/BrowseViewController.m</string>
			<key>sourceTree</key>
			<string>&lt;group&gt;</string>
		</dict>
		<key>AA61B87C18D6E5AD00A77443</key>
		<dict>
			<key>fileRef</key>
			<string>AA61B87B18D6E5AD00A77443</string>
			<key>isa</key>
			<string>PBXBuildFile</string>
		</dict>
		<key>AA61B87D18D6EAD700A77443</key>
		<dict>
			<key>fileEncoding</key>
			<string>4</string>
			<key>isa</key>
			<string>PBXFileReference</string>
			<key>lastKnownFileType</key>
			<string>sourcecode.c.h</string>
			<key>name</key>
			<string>PostViewController.h</string>
			<key>path</key>
			<string>Controllers/PostViewController.h</string>
			<key>sourceTree</key>
			<string>&lt;group&gt;</string>
		</dict>
		<key>AA61B87E18D6EAD700A77443</key>
		<dict>
			<key>fileEncoding</key>
			<string>4</string>
			<key>isa</key>
			<string>PBXFileReference</string>
			<key>lastKnownFileType</key>
			<string>sourcecode.c.objc</string>
			<key>name</key>
			<string>PostViewController.m</string>
			<key>path</key>
			<string>Controllers/PostViewController.m</string>
			<key>sourceTree</key>
			<string>&lt;group&gt;</string>
		</dict>
		<key>AA61B87F18D6EAD700A77443</key>
		<dict>
			<key>fileRef</key>
			<string>AA61B87E18D6EAD700A77443</string>
			<key>isa</key>
			<string>PBXBuildFile</string>
		</dict>
		<key>AA61B88018D6EAEE00A77443</key>
		<dict>
			<key>fileEncoding</key>
			<string>4</string>
			<key>isa</key>
			<string>PBXFileReference</string>
			<key>lastKnownFileType</key>
			<string>sourcecode.c.h</string>
			<key>name</key>
			<string>ProfileViewController.h</string>
			<key>path</key>
			<string>Controllers/ProfileViewController.h</string>
			<key>sourceTree</key>
			<string>&lt;group&gt;</string>
		</dict>
		<key>AA61B88118D6EAEE00A77443</key>
		<dict>
			<key>fileEncoding</key>
			<string>4</string>
			<key>isa</key>
			<string>PBXFileReference</string>
			<key>lastKnownFileType</key>
			<string>sourcecode.c.objc</string>
			<key>name</key>
			<string>ProfileViewController.m</string>
			<key>path</key>
			<string>Controllers/ProfileViewController.m</string>
			<key>sourceTree</key>
			<string>&lt;group&gt;</string>
		</dict>
		<key>AA61B88218D6EAEE00A77443</key>
		<dict>
			<key>fileRef</key>
			<string>AA61B88118D6EAEE00A77443</string>
			<key>isa</key>
			<string>PBXBuildFile</string>
		</dict>
		<key>AA61B88318D6EB2900A77443</key>
		<dict>
			<key>fileEncoding</key>
			<string>4</string>
			<key>isa</key>
			<string>PBXFileReference</string>
			<key>lastKnownFileType</key>
			<string>sourcecode.c.h</string>
			<key>name</key>
			<string>TravelListViewController.h</string>
			<key>path</key>
			<string>Controllers/TravelListViewController.h</string>
			<key>sourceTree</key>
			<string>&lt;group&gt;</string>
		</dict>
		<key>AA61B88418D6EB2900A77443</key>
		<dict>
			<key>fileEncoding</key>
			<string>4</string>
			<key>isa</key>
			<string>PBXFileReference</string>
			<key>lastKnownFileType</key>
			<string>sourcecode.c.objc</string>
			<key>name</key>
			<string>TravelListViewController.m</string>
			<key>path</key>
			<string>Controllers/TravelListViewController.m</string>
			<key>sourceTree</key>
			<string>&lt;group&gt;</string>
		</dict>
		<key>AA61B88518D6EB2900A77443</key>
		<dict>
			<key>fileRef</key>
			<string>AA61B88418D6EB2900A77443</string>
			<key>isa</key>
			<string>PBXBuildFile</string>
		</dict>
		<key>AA61B88618D6EB7800A77443</key>
		<dict>
			<key>fileEncoding</key>
			<string>4</string>
			<key>isa</key>
			<string>PBXFileReference</string>
			<key>lastKnownFileType</key>
			<string>sourcecode.c.h</string>
			<key>name</key>
			<string>TravelPlanViewController.h</string>
			<key>path</key>
			<string>Controllers/TravelPlanViewController.h</string>
			<key>sourceTree</key>
			<string>&lt;group&gt;</string>
		</dict>
		<key>AA61B88718D6EB7800A77443</key>
		<dict>
			<key>fileEncoding</key>
			<string>4</string>
			<key>isa</key>
			<string>PBXFileReference</string>
			<key>lastKnownFileType</key>
			<string>sourcecode.c.objc</string>
			<key>name</key>
			<string>TravelPlanViewController.m</string>
			<key>path</key>
			<string>Controllers/TravelPlanViewController.m</string>
			<key>sourceTree</key>
			<string>&lt;group&gt;</string>
		</dict>
		<key>AA61B88818D6EB7800A77443</key>
		<dict>
			<key>fileRef</key>
			<string>AA61B88718D6EB7800A77443</string>
			<key>isa</key>
			<string>PBXBuildFile</string>
		</dict>
		<key>AA61B88918D6EB9900A77443</key>
		<dict>
			<key>fileEncoding</key>
			<string>4</string>
			<key>isa</key>
			<string>PBXFileReference</string>
			<key>lastKnownFileType</key>
			<string>sourcecode.c.h</string>
			<key>name</key>
			<string>AddTravelViewController.h</string>
			<key>path</key>
			<string>Controllers/AddTravelViewController.h</string>
			<key>sourceTree</key>
			<string>&lt;group&gt;</string>
		</dict>
		<key>AA61B88A18D6EB9900A77443</key>
		<dict>
			<key>fileEncoding</key>
			<string>4</string>
			<key>isa</key>
			<string>PBXFileReference</string>
			<key>lastKnownFileType</key>
			<string>sourcecode.c.objc</string>
			<key>name</key>
			<string>AddTravelViewController.m</string>
			<key>path</key>
			<string>Controllers/AddTravelViewController.m</string>
			<key>sourceTree</key>
			<string>&lt;group&gt;</string>
		</dict>
		<key>AA61B88B18D6EB9900A77443</key>
		<dict>
			<key>fileRef</key>
			<string>AA61B88A18D6EB9900A77443</string>
			<key>isa</key>
			<string>PBXBuildFile</string>
		</dict>
		<key>AA61B88C18D6EBA900A77443</key>
		<dict>
			<key>fileEncoding</key>
			<string>4</string>
			<key>isa</key>
			<string>PBXFileReference</string>
			<key>lastKnownFileType</key>
			<string>sourcecode.c.h</string>
			<key>name</key>
			<string>PostListViewController.h</string>
			<key>path</key>
			<string>Controllers/PostListViewController.h</string>
			<key>sourceTree</key>
			<string>&lt;group&gt;</string>
		</dict>
		<key>AA61B88D18D6EBA900A77443</key>
		<dict>
			<key>fileEncoding</key>
			<string>4</string>
			<key>isa</key>
			<string>PBXFileReference</string>
			<key>lastKnownFileType</key>
			<string>sourcecode.c.objc</string>
			<key>name</key>
			<string>PostListViewController.m</string>
			<key>path</key>
			<string>Controllers/PostListViewController.m</string>
			<key>sourceTree</key>
			<string>&lt;group&gt;</string>
		</dict>
		<key>AA61B88E18D6EBA900A77443</key>
		<dict>
			<key>fileRef</key>
			<string>AA61B88D18D6EBA900A77443</string>
			<key>isa</key>
			<string>PBXBuildFile</string>
		</dict>
		<key>AA61B88F18D6EBCB00A77443</key>
		<dict>
			<key>fileEncoding</key>
			<string>4</string>
			<key>isa</key>
			<string>PBXFileReference</string>
			<key>lastKnownFileType</key>
			<string>sourcecode.c.h</string>
			<key>name</key>
			<string>AddPostViewController.h</string>
			<key>path</key>
			<string>Controllers/AddPostViewController.h</string>
			<key>sourceTree</key>
			<string>&lt;group&gt;</string>
		</dict>
		<key>AA61B89018D6EBCB00A77443</key>
		<dict>
			<key>fileEncoding</key>
			<string>4</string>
			<key>isa</key>
			<string>PBXFileReference</string>
			<key>lastKnownFileType</key>
			<string>sourcecode.c.objc</string>
			<key>name</key>
			<string>AddPostViewController.m</string>
			<key>path</key>
			<string>Controllers/AddPostViewController.m</string>
			<key>sourceTree</key>
			<string>&lt;group&gt;</string>
		</dict>
		<key>AA61B89118D6EBCB00A77443</key>
		<dict>
			<key>fileRef</key>
			<string>AA61B89018D6EBCB00A77443</string>
			<key>isa</key>
			<string>PBXBuildFile</string>
		</dict>
		<key>AA61B89218D6EBE700A77443</key>
		<dict>
			<key>fileEncoding</key>
			<string>4</string>
			<key>isa</key>
			<string>PBXFileReference</string>
			<key>lastKnownFileType</key>
			<string>sourcecode.c.h</string>
			<key>name</key>
			<string>MyProfileViewController.h</string>
			<key>path</key>
			<string>Controllers/MyProfileViewController.h</string>
			<key>sourceTree</key>
			<string>&lt;group&gt;</string>
		</dict>
		<key>AA61B89318D6EBE700A77443</key>
		<dict>
			<key>fileEncoding</key>
			<string>4</string>
			<key>isa</key>
			<string>PBXFileReference</string>
			<key>lastKnownFileType</key>
			<string>sourcecode.c.objc</string>
			<key>name</key>
			<string>MyProfileViewController.m</string>
			<key>path</key>
			<string>Controllers/MyProfileViewController.m</string>
			<key>sourceTree</key>
			<string>&lt;group&gt;</string>
		</dict>
		<key>AA61B89418D6EBE700A77443</key>
		<dict>
			<key>fileRef</key>
			<string>AA61B89318D6EBE700A77443</string>
			<key>isa</key>
			<string>PBXBuildFile</string>
		</dict>
		<key>AA61B89518D6ECCE00A77443</key>
		<dict>
			<key>fileEncoding</key>
			<string>4</string>
			<key>isa</key>
			<string>PBXFileReference</string>
			<key>lastKnownFileType</key>
			<string>sourcecode.c.h</string>
			<key>name</key>
			<string>LeftMenuViewController.h</string>
			<key>path</key>
			<string>Controllers/LeftMenuViewController.h</string>
			<key>sourceTree</key>
			<string>&lt;group&gt;</string>
		</dict>
		<key>AA61B89618D6ECCE00A77443</key>
		<dict>
			<key>fileEncoding</key>
			<string>4</string>
			<key>isa</key>
			<string>PBXFileReference</string>
			<key>lastKnownFileType</key>
			<string>sourcecode.c.objc</string>
			<key>name</key>
			<string>LeftMenuViewController.m</string>
			<key>path</key>
			<string>Controllers/LeftMenuViewController.m</string>
			<key>sourceTree</key>
			<string>&lt;group&gt;</string>
		</dict>
		<key>AA61B89718D6ECCE00A77443</key>
		<dict>
			<key>fileRef</key>
			<string>AA61B89618D6ECCE00A77443</string>
			<key>isa</key>
			<string>PBXBuildFile</string>
		</dict>
		<key>AA6543E918D7E1F300D3EC56</key>
		<dict>
			<key>fileEncoding</key>
			<string>4</string>
			<key>isa</key>
			<string>PBXFileReference</string>
			<key>lastKnownFileType</key>
			<string>sourcecode.c.h</string>
			<key>name</key>
			<string>PostListTableView.h</string>
			<key>path</key>
			<string>Views/PostListTableView.h</string>
			<key>sourceTree</key>
			<string>&lt;group&gt;</string>
		</dict>
		<key>AA6543EA18D7E1F300D3EC56</key>
		<dict>
			<key>fileEncoding</key>
			<string>4</string>
			<key>isa</key>
			<string>PBXFileReference</string>
			<key>lastKnownFileType</key>
			<string>sourcecode.c.objc</string>
			<key>name</key>
			<string>PostListTableView.m</string>
			<key>path</key>
			<string>Views/PostListTableView.m</string>
			<key>sourceTree</key>
			<string>&lt;group&gt;</string>
		</dict>
		<key>AA6543EB18D7E1F300D3EC56</key>
		<dict>
			<key>fileRef</key>
			<string>AA6543EA18D7E1F300D3EC56</string>
			<key>isa</key>
			<string>PBXBuildFile</string>
		</dict>
		<key>AA6543EC18D7E32D00D3EC56</key>
		<dict>
			<key>fileEncoding</key>
			<string>4</string>
			<key>isa</key>
			<string>PBXFileReference</string>
			<key>lastKnownFileType</key>
			<string>sourcecode.c.h</string>
			<key>name</key>
			<string>PostModel.h</string>
			<key>path</key>
			<string>Models/PostModel.h</string>
			<key>sourceTree</key>
			<string>&lt;group&gt;</string>
		</dict>
		<key>AA6543ED18D7E32D00D3EC56</key>
		<dict>
			<key>fileEncoding</key>
			<string>4</string>
			<key>isa</key>
			<string>PBXFileReference</string>
			<key>lastKnownFileType</key>
			<string>sourcecode.c.objc</string>
			<key>name</key>
			<string>PostModel.m</string>
			<key>path</key>
			<string>Models/PostModel.m</string>
			<key>sourceTree</key>
			<string>&lt;group&gt;</string>
		</dict>
		<key>AA6543EE18D7E32D00D3EC56</key>
		<dict>
			<key>fileRef</key>
			<string>AA6543ED18D7E32D00D3EC56</string>
			<key>isa</key>
			<string>PBXBuildFile</string>
		</dict>
		<key>AA6543EF18D7E35F00D3EC56</key>
		<dict>
			<key>fileEncoding</key>
			<string>4</string>
			<key>isa</key>
			<string>PBXFileReference</string>
			<key>lastKnownFileType</key>
			<string>sourcecode.c.h</string>
			<key>name</key>
			<string>LoginViewController.h</string>
			<key>path</key>
			<string>Controllers/LoginViewController.h</string>
			<key>sourceTree</key>
			<string>&lt;group&gt;</string>
		</dict>
		<key>AA6543F018D7E35F00D3EC56</key>
		<dict>
			<key>fileEncoding</key>
			<string>4</string>
			<key>isa</key>
			<string>PBXFileReference</string>
			<key>lastKnownFileType</key>
			<string>sourcecode.c.objc</string>
			<key>name</key>
			<string>LoginViewController.m</string>
			<key>path</key>
			<string>Controllers/LoginViewController.m</string>
			<key>sourceTree</key>
			<string>&lt;group&gt;</string>
		</dict>
		<key>AA6543F118D7E35F00D3EC56</key>
		<dict>
			<key>fileRef</key>
			<string>AA6543F018D7E35F00D3EC56</string>
			<key>isa</key>
			<string>PBXBuildFile</string>
		</dict>
		<key>AA6543F218D7E5D000D3EC56</key>
		<dict>
			<key>fileEncoding</key>
			<string>4</string>
			<key>isa</key>
			<string>PBXFileReference</string>
			<key>lastKnownFileType</key>
			<string>sourcecode.c.h</string>
			<key>name</key>
			<string>PostListCell.h</string>
			<key>path</key>
			<string>Views/PostListCell.h</string>
			<key>sourceTree</key>
			<string>&lt;group&gt;</string>
		</dict>
		<key>AA6543F318D7E5D000D3EC56</key>
		<dict>
			<key>fileEncoding</key>
			<string>4</string>
			<key>isa</key>
			<string>PBXFileReference</string>
			<key>lastKnownFileType</key>
			<string>sourcecode.c.objc</string>
			<key>name</key>
			<string>PostListCell.m</string>
			<key>path</key>
			<string>Views/PostListCell.m</string>
			<key>sourceTree</key>
			<string>&lt;group&gt;</string>
		</dict>
		<key>AA6543F418D7E5D000D3EC56</key>
		<dict>
			<key>fileRef</key>
			<string>AA6543F318D7E5D000D3EC56</string>
			<key>isa</key>
			<string>PBXBuildFile</string>
		</dict>
		<key>AA6543F518D80EB700D3EC56</key>
		<dict>
			<key>fileEncoding</key>
			<string>4</string>
			<key>isa</key>
			<string>PBXFileReference</string>
			<key>lastKnownFileType</key>
			<string>sourcecode.c.h</string>
			<key>name</key>
			<string>TravelListTableView.h</string>
			<key>path</key>
			<string>Views/TravelListTableView.h</string>
			<key>sourceTree</key>
			<string>&lt;group&gt;</string>
		</dict>
		<key>AA6543F618D80EB700D3EC56</key>
		<dict>
			<key>fileEncoding</key>
			<string>4</string>
			<key>isa</key>
			<string>PBXFileReference</string>
			<key>lastKnownFileType</key>
			<string>sourcecode.c.objc</string>
			<key>name</key>
			<string>TravelListTableView.m</string>
			<key>path</key>
			<string>Views/TravelListTableView.m</string>
			<key>sourceTree</key>
			<string>&lt;group&gt;</string>
		</dict>
		<key>AA6543F718D80EB700D3EC56</key>
		<dict>
			<key>fileRef</key>
			<string>AA6543F618D80EB700D3EC56</string>
			<key>isa</key>
			<string>PBXBuildFile</string>
		</dict>
		<key>AA6543F818D80EDF00D3EC56</key>
		<dict>
			<key>fileEncoding</key>
			<string>4</string>
			<key>isa</key>
			<string>PBXFileReference</string>
			<key>lastKnownFileType</key>
			<string>sourcecode.c.h</string>
			<key>name</key>
			<string>TravelListCell.h</string>
			<key>path</key>
			<string>Views/TravelListCell.h</string>
			<key>sourceTree</key>
			<string>&lt;group&gt;</string>
		</dict>
		<key>AA6543F918D80EDF00D3EC56</key>
		<dict>
			<key>fileEncoding</key>
			<string>4</string>
			<key>isa</key>
			<string>PBXFileReference</string>
			<key>lastKnownFileType</key>
			<string>sourcecode.c.objc</string>
			<key>name</key>
			<string>TravelListCell.m</string>
			<key>path</key>
			<string>Views/TravelListCell.m</string>
			<key>sourceTree</key>
			<string>&lt;group&gt;</string>
		</dict>
		<key>AA6543FA18D80EDF00D3EC56</key>
		<dict>
			<key>fileRef</key>
			<string>AA6543F918D80EDF00D3EC56</string>
			<key>isa</key>
			<string>PBXBuildFile</string>
		</dict>
		<key>AA6543FB18D80F1C00D3EC56</key>
		<dict>
			<key>fileEncoding</key>
			<string>4</string>
			<key>isa</key>
			<string>PBXFileReference</string>
			<key>lastKnownFileType</key>
			<string>sourcecode.c.h</string>
			<key>name</key>
			<string>TravelPlanModel.h</string>
			<key>path</key>
			<string>Models/TravelPlanModel.h</string>
			<key>sourceTree</key>
			<string>&lt;group&gt;</string>
		</dict>
		<key>AA6543FC18D80F1C00D3EC56</key>
		<dict>
			<key>fileEncoding</key>
			<string>4</string>
			<key>isa</key>
			<string>PBXFileReference</string>
			<key>lastKnownFileType</key>
			<string>sourcecode.c.objc</string>
			<key>name</key>
			<string>TravelPlanModel.m</string>
			<key>path</key>
			<string>Models/TravelPlanModel.m</string>
			<key>sourceTree</key>
			<string>&lt;group&gt;</string>
		</dict>
		<key>AA6543FD18D80F1C00D3EC56</key>
		<dict>
			<key>fileRef</key>
			<string>AA6543FC18D80F1C00D3EC56</string>
			<key>isa</key>
			<string>PBXBuildFile</string>
		</dict>
		<key>AA6543FE18D87D0000D3EC56</key>
		<dict>
			<key>fileEncoding</key>
			<string>4</string>
			<key>isa</key>
			<string>PBXFileReference</string>
			<key>lastKnownFileType</key>
			<string>sourcecode.c.h</string>
			<key>name</key>
			<string>LeftMenuTableView.h</string>
			<key>path</key>
			<string>Views/LeftMenuTableView.h</string>
			<key>sourceTree</key>
			<string>&lt;group&gt;</string>
		</dict>
		<key>AA6543FF18D87D0000D3EC56</key>
		<dict>
			<key>fileEncoding</key>
			<string>4</string>
			<key>isa</key>
			<string>PBXFileReference</string>
			<key>lastKnownFileType</key>
			<string>sourcecode.c.objc</string>
			<key>name</key>
			<string>LeftMenuTableView.m</string>
			<key>path</key>
			<string>Views/LeftMenuTableView.m</string>
			<key>sourceTree</key>
			<string>&lt;group&gt;</string>
		</dict>
		<key>AA65440018D87D0000D3EC56</key>
		<dict>
			<key>fileRef</key>
			<string>AA6543FF18D87D0000D3EC56</string>
			<key>isa</key>
			<string>PBXBuildFile</string>
		</dict>
		<key>AA65440118D87D1E00D3EC56</key>
		<dict>
			<key>fileEncoding</key>
			<string>4</string>
			<key>isa</key>
			<string>PBXFileReference</string>
			<key>lastKnownFileType</key>
			<string>sourcecode.c.h</string>
			<key>name</key>
			<string>LeftMenuCell.h</string>
			<key>path</key>
			<string>Views/LeftMenuCell.h</string>
			<key>sourceTree</key>
			<string>&lt;group&gt;</string>
		</dict>
		<key>AA65440218D87D1E00D3EC56</key>
		<dict>
			<key>fileEncoding</key>
			<string>4</string>
			<key>isa</key>
			<string>PBXFileReference</string>
			<key>lastKnownFileType</key>
			<string>sourcecode.c.objc</string>
			<key>name</key>
			<string>LeftMenuCell.m</string>
			<key>path</key>
			<string>Views/LeftMenuCell.m</string>
			<key>sourceTree</key>
			<string>&lt;group&gt;</string>
		</dict>
		<key>AA65440318D87D1E00D3EC56</key>
		<dict>
			<key>fileRef</key>
			<string>AA65440218D87D1E00D3EC56</string>
			<key>isa</key>
			<string>PBXBuildFile</string>
		</dict>
		<key>BC79BF636E65436EBBD43AA2</key>
		<dict>
			<key>explicitFileType</key>
			<string>archive.ar</string>
			<key>includeInIndex</key>
			<string>0</string>
			<key>isa</key>
			<string>PBXFileReference</string>
			<key>path</key>
			<string>libPods.a</string>
			<key>sourceTree</key>
			<string>BUILT_PRODUCTS_DIR</string>
		</dict>
		<key>D0996741F86E44F1BEAAFED9</key>
		<dict>
			<key>includeInIndex</key>
			<string>1</string>
			<key>isa</key>
			<string>PBXFileReference</string>
			<key>lastKnownFileType</key>
			<string>text.xcconfig</string>
			<key>name</key>
			<string>Pods.xcconfig</string>
			<key>path</key>
			<string>Pods/Pods.xcconfig</string>
			<key>sourceTree</key>
			<string>&lt;group&gt;</string>
		</dict>
		<key>D479EA8F3DF2409C925A6A77</key>
		<dict>
			<key>buildActionMask</key>
			<string>2147483647</string>
			<key>files</key>
			<array/>
			<key>inputPaths</key>
			<array/>
			<key>isa</key>
			<string>PBXShellScriptBuildPhase</string>
			<key>name</key>
			<string>Check Pods Manifest.lock</string>
			<key>outputPaths</key>
			<array/>
			<key>runOnlyForDeploymentPostprocessing</key>
			<string>0</string>
			<key>shellPath</key>
			<string>/bin/sh</string>
			<key>shellScript</key>
			<string>diff "${PODS_ROOT}/../Podfile.lock" "${PODS_ROOT}/Manifest.lock" &gt; /dev/null
if [[ $? != 0 ]] ; then
    cat &lt;&lt; EOM
error: The sandbox is not in sync with the Podfile.lock. Run 'pod install' or update your CocoaPods installation.
EOM
    exit 1
fi
</string>
			<key>showEnvVarsInLog</key>
			<string>0</string>
		</dict>
		<key>DB30F5E83B0F424193F02F88</key>
		<dict>
			<key>buildActionMask</key>
			<string>2147483647</string>
			<key>files</key>
			<array/>
			<key>inputPaths</key>
			<array/>
			<key>isa</key>
			<string>PBXShellScriptBuildPhase</string>
			<key>name</key>
			<string>Copy Pods Resources</string>
			<key>outputPaths</key>
			<array/>
			<key>runOnlyForDeploymentPostprocessing</key>
			<string>0</string>
			<key>shellPath</key>
			<string>/bin/sh</string>
			<key>shellScript</key>
			<string>"${SRCROOT}/Pods/Pods-resources.sh"
</string>
			<key>showEnvVarsInLog</key>
			<string>0</string>
		</dict>
	</dict>
	<key>rootObject</key>
	<string>AA61B83318D6DD8500A77443</string>
</dict>
</plist>
