// !$*UTF8*$!
{
	archiveVersion = 1;
	classes = {
	};
	objectVersion = 46;
	objects = {

/* Begin PBXBuildFile section */
		6D6183452CF6448E880D6919 /* libPods.a in Frameworks */ = {isa = PBXBuildFile; fileRef = BC79BF636E65436EBBD43AA2 /* libPods.a */; };
		AA17A87618FF700D00A0742B /* TravelPlanObject.m in Sources */ = {isa = PBXBuildFile; fileRef = AA17A87518FF700D00A0742B /* TravelPlanObject.m */; };
		AA17A87918FF703200A0742B /* ConnectionsObject.m in Sources */ = {isa = PBXBuildFile; fileRef = AA17A87818FF703200A0742B /* ConnectionsObject.m */; };
		AA17A87C18FF710A00A0742B /* DataClient.m in Sources */ = {isa = PBXBuildFile; fileRef = AA17A87B18FF710A00A0742B /* DataClient.m */; };
		AA17A88118FF889900A0742B /* connection.json in Resources */ = {isa = PBXBuildFile; fileRef = AA17A88018FF889900A0742B /* connection.json */; };
		AA17A88418FF8B4400A0742B /* ConnectionViewController.m in Sources */ = {isa = PBXBuildFile; fileRef = AA17A88318FF8B4400A0742B /* ConnectionViewController.m */; };
		AA17A8C71900253E00A0742B /* travelplan.json in Resources */ = {isa = PBXBuildFile; fileRef = AA17A8C61900253E00A0742B /* travelplan.json */; };
		AA17A8CA19003EEB00A0742B /* ConnectionListCell.m in Sources */ = {isa = PBXBuildFile; fileRef = AA17A8C919003EEB00A0742B /* ConnectionListCell.m */; };
		AA3DFDCF18F798F80027A52D /* UserModel.m in Sources */ = {isa = PBXBuildFile; fileRef = AA3DFDCE18F798F80027A52D /* UserModel.m */; };
		AA61B83F18D6DD8500A77443 /* Foundation.framework in Frameworks */ = {isa = PBXBuildFile; fileRef = AA61B83E18D6DD8500A77443 /* Foundation.framework */; };
		AA61B84118D6DD8500A77443 /* CoreGraphics.framework in Frameworks */ = {isa = PBXBuildFile; fileRef = AA61B84018D6DD8500A77443 /* CoreGraphics.framework */; };
		AA61B84318D6DD8500A77443 /* UIKit.framework in Frameworks */ = {isa = PBXBuildFile; fileRef = AA61B84218D6DD8500A77443 /* UIKit.framework */; };
		AA61B84918D6DD8500A77443 /* InfoPlist.strings in Resources */ = {isa = PBXBuildFile; fileRef = AA61B84718D6DD8500A77443 /* InfoPlist.strings */; };
		AA61B84B18D6DD8500A77443 /* main.m in Sources */ = {isa = PBXBuildFile; fileRef = AA61B84A18D6DD8500A77443 /* main.m */; };
		AA61B84F18D6DD8500A77443 /* AppDelegate.m in Sources */ = {isa = PBXBuildFile; fileRef = AA61B84E18D6DD8500A77443 /* AppDelegate.m */; };
		AA61B85218D6DD8500A77443 /* Main.storyboard in Resources */ = {isa = PBXBuildFile; fileRef = AA61B85018D6DD8500A77443 /* Main.storyboard */; };
		AA61B85718D6DD8500A77443 /* Images.xcassets in Resources */ = {isa = PBXBuildFile; fileRef = AA61B85618D6DD8500A77443 /* Images.xcassets */; };
		AA61B85E18D6DD8600A77443 /* XCTest.framework in Frameworks */ = {isa = PBXBuildFile; fileRef = AA61B85D18D6DD8600A77443 /* XCTest.framework */; };
		AA61B85F18D6DD8600A77443 /* Foundation.framework in Frameworks */ = {isa = PBXBuildFile; fileRef = AA61B83E18D6DD8500A77443 /* Foundation.framework */; };
		AA61B86018D6DD8600A77443 /* UIKit.framework in Frameworks */ = {isa = PBXBuildFile; fileRef = AA61B84218D6DD8500A77443 /* UIKit.framework */; };
		AA61B86818D6DD8600A77443 /* InfoPlist.strings in Resources */ = {isa = PBXBuildFile; fileRef = AA61B86618D6DD8600A77443 /* InfoPlist.strings */; };
		AA61B86A18D6DD8600A77443 /* tripstrTests.m in Sources */ = {isa = PBXBuildFile; fileRef = AA61B86918D6DD8600A77443 /* tripstrTests.m */; };
		AA61B87C18D6E5AD00A77443 /* BrowseViewController.m in Sources */ = {isa = PBXBuildFile; fileRef = AA61B87B18D6E5AD00A77443 /* BrowseViewController.m */; };
		AA61B87F18D6EAD700A77443 /* PostViewController.m in Sources */ = {isa = PBXBuildFile; fileRef = AA61B87E18D6EAD700A77443 /* PostViewController.m */; };
		AA61B88218D6EAEE00A77443 /* ProfileViewController.m in Sources */ = {isa = PBXBuildFile; fileRef = AA61B88118D6EAEE00A77443 /* ProfileViewController.m */; };
		AA61B88518D6EB2900A77443 /* TravelListViewController.m in Sources */ = {isa = PBXBuildFile; fileRef = AA61B88418D6EB2900A77443 /* TravelListViewController.m */; };
		AA61B88818D6EB7800A77443 /* TravelPlanViewController.m in Sources */ = {isa = PBXBuildFile; fileRef = AA61B88718D6EB7800A77443 /* TravelPlanViewController.m */; };
		AA61B88B18D6EB9900A77443 /* AddTravelViewController.m in Sources */ = {isa = PBXBuildFile; fileRef = AA61B88A18D6EB9900A77443 /* AddTravelViewController.m */; };
		AA61B88E18D6EBA900A77443 /* PostListViewController.m in Sources */ = {isa = PBXBuildFile; fileRef = AA61B88D18D6EBA900A77443 /* PostListViewController.m */; };
		AA61B89118D6EBCB00A77443 /* AddPostViewController.m in Sources */ = {isa = PBXBuildFile; fileRef = AA61B89018D6EBCB00A77443 /* AddPostViewController.m */; };
		AA61B89418D6EBE700A77443 /* MyProfileViewController.m in Sources */ = {isa = PBXBuildFile; fileRef = AA61B89318D6EBE700A77443 /* MyProfileViewController.m */; };
		AA61B89718D6ECCE00A77443 /* LeftMenuViewController.m in Sources */ = {isa = PBXBuildFile; fileRef = AA61B89618D6ECCE00A77443 /* LeftMenuViewController.m */; };
		AA6543EB18D7E1F300D3EC56 /* PostListTableView.m in Sources */ = {isa = PBXBuildFile; fileRef = AA6543EA18D7E1F300D3EC56 /* PostListTableView.m */; };
		AA6543EE18D7E32D00D3EC56 /* PostModel.m in Sources */ = {isa = PBXBuildFile; fileRef = AA6543ED18D7E32D00D3EC56 /* PostModel.m */; };
		AA6543F118D7E35F00D3EC56 /* LoginViewController.m in Sources */ = {isa = PBXBuildFile; fileRef = AA6543F018D7E35F00D3EC56 /* LoginViewController.m */; };
		AA6543F418D7E5D000D3EC56 /* PostListCell.m in Sources */ = {isa = PBXBuildFile; fileRef = AA6543F318D7E5D000D3EC56 /* PostListCell.m */; };
		AA6543F718D80EB700D3EC56 /* TravelListTableView.m in Sources */ = {isa = PBXBuildFile; fileRef = AA6543F618D80EB700D3EC56 /* TravelListTableView.m */; };
		AA6543FA18D80EDF00D3EC56 /* TravelListCell.m in Sources */ = {isa = PBXBuildFile; fileRef = AA6543F918D80EDF00D3EC56 /* TravelListCell.m */; };
		AA65440018D87D0000D3EC56 /* LeftMenuTableView.m in Sources */ = {isa = PBXBuildFile; fileRef = AA6543FF18D87D0000D3EC56 /* LeftMenuTableView.m */; };
		AA65440318D87D1E00D3EC56 /* LeftMenuCell.m in Sources */ = {isa = PBXBuildFile; fileRef = AA65440218D87D1E00D3EC56 /* LeftMenuCell.m */; };
/* End PBXBuildFile section */

/* Begin PBXContainerItemProxy section */
		AA61B86118D6DD8600A77443 /* PBXContainerItemProxy */ = {
			isa = PBXContainerItemProxy;
			containerPortal = AA61B83318D6DD8500A77443 /* Project object */;
			proxyType = 1;
			remoteGlobalIDString = AA61B83A18D6DD8500A77443;
			remoteInfo = tripstr;
		};
/* End PBXContainerItemProxy section */

/* Begin PBXFileReference section */
		AA17A87418FF700D00A0742B /* TravelPlanObject.h */ = {isa = PBXFileReference; fileEncoding = 4; lastKnownFileType = sourcecode.c.h; name = TravelPlanObject.h; path = Models/TravelPlanObject.h; sourceTree = "<group>"; };
		AA17A87518FF700D00A0742B /* TravelPlanObject.m */ = {isa = PBXFileReference; fileEncoding = 4; lastKnownFileType = sourcecode.c.objc; name = TravelPlanObject.m; path = Models/TravelPlanObject.m; sourceTree = "<group>"; };
		AA17A87718FF703200A0742B /* ConnectionsObject.h */ = {isa = PBXFileReference; fileEncoding = 4; lastKnownFileType = sourcecode.c.h; name = ConnectionsObject.h; path = Models/ConnectionsObject.h; sourceTree = "<group>"; };
		AA17A87818FF703200A0742B /* ConnectionsObject.m */ = {isa = PBXFileReference; fileEncoding = 4; lastKnownFileType = sourcecode.c.objc; name = ConnectionsObject.m; path = Models/ConnectionsObject.m; sourceTree = "<group>"; };
		AA17A87A18FF710A00A0742B /* DataClient.h */ = {isa = PBXFileReference; fileEncoding = 4; lastKnownFileType = sourcecode.c.h; name = DataClient.h; path = Models/DataClient.h; sourceTree = "<group>"; };
		AA17A87B18FF710A00A0742B /* DataClient.m */ = {isa = PBXFileReference; fileEncoding = 4; lastKnownFileType = sourcecode.c.objc; name = DataClient.m; path = Models/DataClient.m; sourceTree = "<group>"; };
		AA17A88018FF889900A0742B /* connection.json */ = {isa = PBXFileReference; fileEncoding = 4; lastKnownFileType = text.json; path = connection.json; sourceTree = "<group>"; };
		AA17A88218FF8B4400A0742B /* ConnectionViewController.h */ = {isa = PBXFileReference; fileEncoding = 4; lastKnownFileType = sourcecode.c.h; name = ConnectionViewController.h; path = Controllers/ConnectionViewController.h; sourceTree = "<group>"; };
		AA17A88318FF8B4400A0742B /* ConnectionViewController.m */ = {isa = PBXFileReference; fileEncoding = 4; lastKnownFileType = sourcecode.c.objc; name = ConnectionViewController.m; path = Controllers/ConnectionViewController.m; sourceTree = "<group>"; };
		AA17A8C61900253E00A0742B /* travelplan.json */ = {isa = PBXFileReference; fileEncoding = 4; lastKnownFileType = text.json; path = travelplan.json; sourceTree = "<group>"; };
		AA17A8C819003EEB00A0742B /* ConnectionListCell.h */ = {isa = PBXFileReference; fileEncoding = 4; lastKnownFileType = sourcecode.c.h; name = ConnectionListCell.h; path = Views/ConnectionListCell.h; sourceTree = "<group>"; };
		AA17A8C919003EEB00A0742B /* ConnectionListCell.m */ = {isa = PBXFileReference; fileEncoding = 4; lastKnownFileType = sourcecode.c.objc; name = ConnectionListCell.m; path = Views/ConnectionListCell.m; sourceTree = "<group>"; };
		AA3DFDCD18F798F80027A52D /* UserModel.h */ = {isa = PBXFileReference; fileEncoding = 4; lastKnownFileType = sourcecode.c.h; name = UserModel.h; path = Models/UserModel.h; sourceTree = "<group>"; };
		AA3DFDCE18F798F80027A52D /* UserModel.m */ = {isa = PBXFileReference; fileEncoding = 4; lastKnownFileType = sourcecode.c.objc; name = UserModel.m; path = Models/UserModel.m; sourceTree = "<group>"; };
		AA61B83B18D6DD8500A77443 /* tripstr.app */ = {isa = PBXFileReference; explicitFileType = wrapper.application; includeInIndex = 0; path = tripstr.app; sourceTree = BUILT_PRODUCTS_DIR; };
		AA61B83E18D6DD8500A77443 /* Foundation.framework */ = {isa = PBXFileReference; lastKnownFileType = wrapper.framework; name = Foundation.framework; path = System/Library/Frameworks/Foundation.framework; sourceTree = SDKROOT; };
		AA61B84018D6DD8500A77443 /* CoreGraphics.framework */ = {isa = PBXFileReference; lastKnownFileType = wrapper.framework; name = CoreGraphics.framework; path = System/Library/Frameworks/CoreGraphics.framework; sourceTree = SDKROOT; };
		AA61B84218D6DD8500A77443 /* UIKit.framework */ = {isa = PBXFileReference; lastKnownFileType = wrapper.framework; name = UIKit.framework; path = System/Library/Frameworks/UIKit.framework; sourceTree = SDKROOT; };
		AA61B84618D6DD8500A77443 /* tripstr-Info.plist */ = {isa = PBXFileReference; lastKnownFileType = text.plist.xml; path = "tripstr-Info.plist"; sourceTree = "<group>"; };
		AA61B84818D6DD8500A77443 /* en */ = {isa = PBXFileReference; lastKnownFileType = text.plist.strings; name = en; path = en.lproj/InfoPlist.strings; sourceTree = "<group>"; };
		AA61B84A18D6DD8500A77443 /* main.m */ = {isa = PBXFileReference; lastKnownFileType = sourcecode.c.objc; path = main.m; sourceTree = "<group>"; };
		AA61B84C18D6DD8500A77443 /* tripstr-Prefix.pch */ = {isa = PBXFileReference; lastKnownFileType = sourcecode.c.h; path = "tripstr-Prefix.pch"; sourceTree = "<group>"; };
		AA61B84D18D6DD8500A77443 /* AppDelegate.h */ = {isa = PBXFileReference; lastKnownFileType = sourcecode.c.h; path = AppDelegate.h; sourceTree = "<group>"; };
		AA61B84E18D6DD8500A77443 /* AppDelegate.m */ = {isa = PBXFileReference; lastKnownFileType = sourcecode.c.objc; path = AppDelegate.m; sourceTree = "<group>"; };
		AA61B85118D6DD8500A77443 /* Base */ = {isa = PBXFileReference; lastKnownFileType = file.storyboard; name = Base; path = Base.lproj/Main.storyboard; sourceTree = "<group>"; };
		AA61B85618D6DD8500A77443 /* Images.xcassets */ = {isa = PBXFileReference; lastKnownFileType = folder.assetcatalog; path = Images.xcassets; sourceTree = "<group>"; };
		AA61B85C18D6DD8600A77443 /* tripstrTests.xctest */ = {isa = PBXFileReference; explicitFileType = wrapper.cfbundle; includeInIndex = 0; path = tripstrTests.xctest; sourceTree = BUILT_PRODUCTS_DIR; };
		AA61B85D18D6DD8600A77443 /* XCTest.framework */ = {isa = PBXFileReference; lastKnownFileType = wrapper.framework; name = XCTest.framework; path = Library/Frameworks/XCTest.framework; sourceTree = DEVELOPER_DIR; };
		AA61B86518D6DD8600A77443 /* tripstrTests-Info.plist */ = {isa = PBXFileReference; lastKnownFileType = text.plist.xml; path = "tripstrTests-Info.plist"; sourceTree = "<group>"; };
		AA61B86718D6DD8600A77443 /* en */ = {isa = PBXFileReference; lastKnownFileType = text.plist.strings; name = en; path = en.lproj/InfoPlist.strings; sourceTree = "<group>"; };
		AA61B86918D6DD8600A77443 /* tripstrTests.m */ = {isa = PBXFileReference; lastKnownFileType = sourcecode.c.objc; path = tripstrTests.m; sourceTree = "<group>"; };
		AA61B87A18D6E5AD00A77443 /* BrowseViewController.h */ = {isa = PBXFileReference; fileEncoding = 4; lastKnownFileType = sourcecode.c.h; name = BrowseViewController.h; path = Controllers/BrowseViewController.h; sourceTree = "<group>"; };
		AA61B87B18D6E5AD00A77443 /* BrowseViewController.m */ = {isa = PBXFileReference; fileEncoding = 4; lastKnownFileType = sourcecode.c.objc; name = BrowseViewController.m; path = Controllers/BrowseViewController.m; sourceTree = "<group>"; };
		AA61B87D18D6EAD700A77443 /* PostViewController.h */ = {isa = PBXFileReference; fileEncoding = 4; lastKnownFileType = sourcecode.c.h; name = PostViewController.h; path = Controllers/PostViewController.h; sourceTree = "<group>"; };
		AA61B87E18D6EAD700A77443 /* PostViewController.m */ = {isa = PBXFileReference; fileEncoding = 4; lastKnownFileType = sourcecode.c.objc; name = PostViewController.m; path = Controllers/PostViewController.m; sourceTree = "<group>"; };
		AA61B88018D6EAEE00A77443 /* ProfileViewController.h */ = {isa = PBXFileReference; fileEncoding = 4; lastKnownFileType = sourcecode.c.h; name = ProfileViewController.h; path = Controllers/ProfileViewController.h; sourceTree = "<group>"; };
		AA61B88118D6EAEE00A77443 /* ProfileViewController.m */ = {isa = PBXFileReference; fileEncoding = 4; lastKnownFileType = sourcecode.c.objc; name = ProfileViewController.m; path = Controllers/ProfileViewController.m; sourceTree = "<group>"; };
		AA61B88318D6EB2900A77443 /* TravelListViewController.h */ = {isa = PBXFileReference; fileEncoding = 4; lastKnownFileType = sourcecode.c.h; name = TravelListViewController.h; path = Controllers/TravelListViewController.h; sourceTree = "<group>"; };
		AA61B88418D6EB2900A77443 /* TravelListViewController.m */ = {isa = PBXFileReference; fileEncoding = 4; lastKnownFileType = sourcecode.c.objc; name = TravelListViewController.m; path = Controllers/TravelListViewController.m; sourceTree = "<group>"; };
		AA61B88618D6EB7800A77443 /* TravelPlanViewController.h */ = {isa = PBXFileReference; fileEncoding = 4; lastKnownFileType = sourcecode.c.h; name = TravelPlanViewController.h; path = Controllers/TravelPlanViewController.h; sourceTree = "<group>"; };
		AA61B88718D6EB7800A77443 /* TravelPlanViewController.m */ = {isa = PBXFileReference; fileEncoding = 4; lastKnownFileType = sourcecode.c.objc; name = TravelPlanViewController.m; path = Controllers/TravelPlanViewController.m; sourceTree = "<group>"; };
		AA61B88918D6EB9900A77443 /* AddTravelViewController.h */ = {isa = PBXFileReference; fileEncoding = 4; lastKnownFileType = sourcecode.c.h; name = AddTravelViewController.h; path = Controllers/AddTravelViewController.h; sourceTree = "<group>"; };
		AA61B88A18D6EB9900A77443 /* AddTravelViewController.m */ = {isa = PBXFileReference; fileEncoding = 4; lastKnownFileType = sourcecode.c.objc; name = AddTravelViewController.m; path = Controllers/AddTravelViewController.m; sourceTree = "<group>"; };
		AA61B88C18D6EBA900A77443 /* PostListViewController.h */ = {isa = PBXFileReference; fileEncoding = 4; lastKnownFileType = sourcecode.c.h; name = PostListViewController.h; path = Controllers/PostListViewController.h; sourceTree = "<group>"; };
		AA61B88D18D6EBA900A77443 /* PostListViewController.m */ = {isa = PBXFileReference; fileEncoding = 4; lastKnownFileType = sourcecode.c.objc; name = PostListViewController.m; path = Controllers/PostListViewController.m; sourceTree = "<group>"; };
		AA61B88F18D6EBCB00A77443 /* AddPostViewController.h */ = {isa = PBXFileReference; fileEncoding = 4; lastKnownFileType = sourcecode.c.h; name = AddPostViewController.h; path = Controllers/AddPostViewController.h; sourceTree = "<group>"; };
		AA61B89018D6EBCB00A77443 /* AddPostViewController.m */ = {isa = PBXFileReference; fileEncoding = 4; lastKnownFileType = sourcecode.c.objc; name = AddPostViewController.m; path = Controllers/AddPostViewController.m; sourceTree = "<group>"; };
		AA61B89218D6EBE700A77443 /* MyProfileViewController.h */ = {isa = PBXFileReference; fileEncoding = 4; lastKnownFileType = sourcecode.c.h; name = MyProfileViewController.h; path = Controllers/MyProfileViewController.h; sourceTree = "<group>"; };
		AA61B89318D6EBE700A77443 /* MyProfileViewController.m */ = {isa = PBXFileReference; fileEncoding = 4; lastKnownFileType = sourcecode.c.objc; name = MyProfileViewController.m; path = Controllers/MyProfileViewController.m; sourceTree = "<group>"; };
		AA61B89518D6ECCE00A77443 /* LeftMenuViewController.h */ = {isa = PBXFileReference; fileEncoding = 4; lastKnownFileType = sourcecode.c.h; name = LeftMenuViewController.h; path = Controllers/LeftMenuViewController.h; sourceTree = "<group>"; };
		AA61B89618D6ECCE00A77443 /* LeftMenuViewController.m */ = {isa = PBXFileReference; fileEncoding = 4; lastKnownFileType = sourcecode.c.objc; name = LeftMenuViewController.m; path = Controllers/LeftMenuViewController.m; sourceTree = "<group>"; };
		AA6543E918D7E1F300D3EC56 /* PostListTableView.h */ = {isa = PBXFileReference; fileEncoding = 4; lastKnownFileType = sourcecode.c.h; name = PostListTableView.h; path = Views/PostListTableView.h; sourceTree = "<group>"; };
		AA6543EA18D7E1F300D3EC56 /* PostListTableView.m */ = {isa = PBXFileReference; fileEncoding = 4; lastKnownFileType = sourcecode.c.objc; name = PostListTableView.m; path = Views/PostListTableView.m; sourceTree = "<group>"; };
		AA6543EC18D7E32D00D3EC56 /* PostModel.h */ = {isa = PBXFileReference; fileEncoding = 4; lastKnownFileType = sourcecode.c.h; name = PostModel.h; path = Models/PostModel.h; sourceTree = "<group>"; };
		AA6543ED18D7E32D00D3EC56 /* PostModel.m */ = {isa = PBXFileReference; fileEncoding = 4; lastKnownFileType = sourcecode.c.objc; name = PostModel.m; path = Models/PostModel.m; sourceTree = "<group>"; };
		AA6543EF18D7E35F00D3EC56 /* LoginViewController.h */ = {isa = PBXFileReference; fileEncoding = 4; lastKnownFileType = sourcecode.c.h; name = LoginViewController.h; path = Controllers/LoginViewController.h; sourceTree = "<group>"; };
		AA6543F018D7E35F00D3EC56 /* LoginViewController.m */ = {isa = PBXFileReference; fileEncoding = 4; lastKnownFileType = sourcecode.c.objc; name = LoginViewController.m; path = Controllers/LoginViewController.m; sourceTree = "<group>"; };
		AA6543F218D7E5D000D3EC56 /* PostListCell.h */ = {isa = PBXFileReference; fileEncoding = 4; lastKnownFileType = sourcecode.c.h; name = PostListCell.h; path = Views/PostListCell.h; sourceTree = "<group>"; };
		AA6543F318D7E5D000D3EC56 /* PostListCell.m */ = {isa = PBXFileReference; fileEncoding = 4; lastKnownFileType = sourcecode.c.objc; name = PostListCell.m; path = Views/PostListCell.m; sourceTree = "<group>"; };
		AA6543F518D80EB700D3EC56 /* TravelListTableView.h */ = {isa = PBXFileReference; fileEncoding = 4; lastKnownFileType = sourcecode.c.h; name = TravelListTableView.h; path = Views/TravelListTableView.h; sourceTree = "<group>"; };
		AA6543F618D80EB700D3EC56 /* TravelListTableView.m */ = {isa = PBXFileReference; fileEncoding = 4; lastKnownFileType = sourcecode.c.objc; name = TravelListTableView.m; path = Views/TravelListTableView.m; sourceTree = "<group>"; };
		AA6543F818D80EDF00D3EC56 /* TravelListCell.h */ = {isa = PBXFileReference; fileEncoding = 4; lastKnownFileType = sourcecode.c.h; name = TravelListCell.h; path = Views/TravelListCell.h; sourceTree = "<group>"; };
		AA6543F918D80EDF00D3EC56 /* TravelListCell.m */ = {isa = PBXFileReference; fileEncoding = 4; lastKnownFileType = sourcecode.c.objc; name = TravelListCell.m; path = Views/TravelListCell.m; sourceTree = "<group>"; };
		AA6543FE18D87D0000D3EC56 /* LeftMenuTableView.h */ = {isa = PBXFileReference; fileEncoding = 4; lastKnownFileType = sourcecode.c.h; name = LeftMenuTableView.h; path = Views/LeftMenuTableView.h; sourceTree = "<group>"; };
		AA6543FF18D87D0000D3EC56 /* LeftMenuTableView.m */ = {isa = PBXFileReference; fileEncoding = 4; lastKnownFileType = sourcecode.c.objc; name = LeftMenuTableView.m; path = Views/LeftMenuTableView.m; sourceTree = "<group>"; };
		AA65440118D87D1E00D3EC56 /* LeftMenuCell.h */ = {isa = PBXFileReference; fileEncoding = 4; lastKnownFileType = sourcecode.c.h; name = LeftMenuCell.h; path = Views/LeftMenuCell.h; sourceTree = "<group>"; };
		AA65440218D87D1E00D3EC56 /* LeftMenuCell.m */ = {isa = PBXFileReference; fileEncoding = 4; lastKnownFileType = sourcecode.c.objc; name = LeftMenuCell.m; path = Views/LeftMenuCell.m; sourceTree = "<group>"; };
		BC79BF636E65436EBBD43AA2 /* libPods.a */ = {isa = PBXFileReference; explicitFileType = archive.ar; includeInIndex = 0; path = libPods.a; sourceTree = BUILT_PRODUCTS_DIR; };
		D0996741F86E44F1BEAAFED9 /* Pods.xcconfig */ = {isa = PBXFileReference; includeInIndex = 1; lastKnownFileType = text.xcconfig; name = Pods.xcconfig; path = Pods/Pods.xcconfig; sourceTree = "<group>"; };
/* End PBXFileReference section */

/* Begin PBXFrameworksBuildPhase section */
		AA61B83818D6DD8500A77443 /* Frameworks */ = {
			isa = PBXFrameworksBuildPhase;
			buildActionMask = 2147483647;
			files = (
				AA61B84118D6DD8500A77443 /* CoreGraphics.framework in Frameworks */,
				AA61B84318D6DD8500A77443 /* UIKit.framework in Frameworks */,
				AA61B83F18D6DD8500A77443 /* Foundation.framework in Frameworks */,
				6D6183452CF6448E880D6919 /* libPods.a in Frameworks */,
			);
			runOnlyForDeploymentPostprocessing = 0;
		};
		AA61B85918D6DD8600A77443 /* Frameworks */ = {
			isa = PBXFrameworksBuildPhase;
			buildActionMask = 2147483647;
			files = (
				AA61B85E18D6DD8600A77443 /* XCTest.framework in Frameworks */,
				AA61B86018D6DD8600A77443 /* UIKit.framework in Frameworks */,
				AA61B85F18D6DD8600A77443 /* Foundation.framework in Frameworks */,
			);
			runOnlyForDeploymentPostprocessing = 0;
		};
/* End PBXFrameworksBuildPhase section */

/* Begin PBXGroup section */
		AA17A87D18FF7CBD00A0742B /* DataJSON */ = {
			isa = PBXGroup;
			children = (
				AA17A8C61900253E00A0742B /* travelplan.json */,
				AA17A88018FF889900A0742B /* connection.json */,
			);
			name = DataJSON;
			sourceTree = "<group>";
		};
		AA61B83218D6DD8500A77443 = {
			isa = PBXGroup;
			children = (
				AA61B84418D6DD8500A77443 /* tripstr */,
				AA61B86318D6DD8600A77443 /* tripstrTests */,
				AA61B83D18D6DD8500A77443 /* Frameworks */,
				AA61B83C18D6DD8500A77443 /* Products */,
				D0996741F86E44F1BEAAFED9 /* Pods.xcconfig */,
			);
			sourceTree = "<group>";
		};
		AA61B83C18D6DD8500A77443 /* Products */ = {
			isa = PBXGroup;
			children = (
				AA61B83B18D6DD8500A77443 /* tripstr.app */,
				AA61B85C18D6DD8600A77443 /* tripstrTests.xctest */,
			);
			name = Products;
			sourceTree = "<group>";
		};
		AA61B83D18D6DD8500A77443 /* Frameworks */ = {
			isa = PBXGroup;
			children = (
				AA61B83E18D6DD8500A77443 /* Foundation.framework */,
				AA61B84018D6DD8500A77443 /* CoreGraphics.framework */,
				AA61B84218D6DD8500A77443 /* UIKit.framework */,
				AA61B85D18D6DD8600A77443 /* XCTest.framework */,
				BC79BF636E65436EBBD43AA2 /* libPods.a */,
			);
			name = Frameworks;
			sourceTree = "<group>";
		};
		AA61B84418D6DD8500A77443 /* tripstr */ = {
			isa = PBXGroup;
			children = (
				AA61B87918D6E4EA00A77443 /* Helpers */,
				AA61B87818D6E4E000A77443 /* StoryBoard */,
				AA61B87718D6E4D600A77443 /* Models */,
				AA61B87618D6E4CF00A77443 /* Controllers */,
				AA61B87318D6E4BD00A77443 /* Views */,
				AA61B84D18D6DD8500A77443 /* AppDelegate.h */,
				AA61B84E18D6DD8500A77443 /* AppDelegate.m */,
				AA61B85618D6DD8500A77443 /* Images.xcassets */,
				AA61B84518D6DD8500A77443 /* Supporting Files */,
			);
			path = tripstr;
			sourceTree = "<group>";
		};
		AA61B84518D6DD8500A77443 /* Supporting Files */ = {
			isa = PBXGroup;
			children = (
				AA61B84618D6DD8500A77443 /* tripstr-Info.plist */,
				AA61B84718D6DD8500A77443 /* InfoPlist.strings */,
				AA61B84A18D6DD8500A77443 /* main.m */,
				AA61B84C18D6DD8500A77443 /* tripstr-Prefix.pch */,
			);
			name = "Supporting Files";
			sourceTree = "<group>";
		};
		AA61B86318D6DD8600A77443 /* tripstrTests */ = {
			isa = PBXGroup;
			children = (
				AA61B86918D6DD8600A77443 /* tripstrTests.m */,
				AA61B86418D6DD8600A77443 /* Supporting Files */,
			);
			path = tripstrTests;
			sourceTree = "<group>";
		};
		AA61B86418D6DD8600A77443 /* Supporting Files */ = {
			isa = PBXGroup;
			children = (
				AA61B86518D6DD8600A77443 /* tripstrTests-Info.plist */,
				AA61B86618D6DD8600A77443 /* InfoPlist.strings */,
			);
			name = "Supporting Files";
			sourceTree = "<group>";
		};
		AA61B87318D6E4BD00A77443 /* Views */ = {
			isa = PBXGroup;
			children = (
				AA6543E918D7E1F300D3EC56 /* PostListTableView.h */,
				AA6543EA18D7E1F300D3EC56 /* PostListTableView.m */,
				AA6543F218D7E5D000D3EC56 /* PostListCell.h */,
				AA6543F318D7E5D000D3EC56 /* PostListCell.m */,
				AA6543F518D80EB700D3EC56 /* TravelListTableView.h */,
				AA6543F618D80EB700D3EC56 /* TravelListTableView.m */,
				AA6543F818D80EDF00D3EC56 /* TravelListCell.h */,
				AA6543F918D80EDF00D3EC56 /* TravelListCell.m */,
				AA6543FE18D87D0000D3EC56 /* LeftMenuTableView.h */,
				AA6543FF18D87D0000D3EC56 /* LeftMenuTableView.m */,
				AA65440118D87D1E00D3EC56 /* LeftMenuCell.h */,
				AA65440218D87D1E00D3EC56 /* LeftMenuCell.m */,
				AA17A8C819003EEB00A0742B /* ConnectionListCell.h */,
				AA17A8C919003EEB00A0742B /* ConnectionListCell.m */,
			);
			name = Views;
			sourceTree = "<group>";
		};
		AA61B87618D6E4CF00A77443 /* Controllers */ = {
			isa = PBXGroup;
			children = (
				AA61B87A18D6E5AD00A77443 /* BrowseViewController.h */,
				AA61B87B18D6E5AD00A77443 /* BrowseViewController.m */,
				AA61B88C18D6EBA900A77443 /* PostListViewController.h */,
				AA61B88D18D6EBA900A77443 /* PostListViewController.m */,
				AA61B87D18D6EAD700A77443 /* PostViewController.h */,
				AA61B87E18D6EAD700A77443 /* PostViewController.m */,
				AA61B88018D6EAEE00A77443 /* ProfileViewController.h */,
				AA61B88118D6EAEE00A77443 /* ProfileViewController.m */,
				AA61B88318D6EB2900A77443 /* TravelListViewController.h */,
				AA61B88418D6EB2900A77443 /* TravelListViewController.m */,
				AA61B88618D6EB7800A77443 /* TravelPlanViewController.h */,
				AA61B88718D6EB7800A77443 /* TravelPlanViewController.m */,
				AA61B88918D6EB9900A77443 /* AddTravelViewController.h */,
				AA61B88A18D6EB9900A77443 /* AddTravelViewController.m */,
				AA61B88F18D6EBCB00A77443 /* AddPostViewController.h */,
				AA61B89018D6EBCB00A77443 /* AddPostViewController.m */,
				AA61B89218D6EBE700A77443 /* MyProfileViewController.h */,
				AA61B89318D6EBE700A77443 /* MyProfileViewController.m */,
				AA61B89518D6ECCE00A77443 /* LeftMenuViewController.h */,
				AA61B89618D6ECCE00A77443 /* LeftMenuViewController.m */,
				AA6543EF18D7E35F00D3EC56 /* LoginViewController.h */,
				AA6543F018D7E35F00D3EC56 /* LoginViewController.m */,
				AA17A88218FF8B4400A0742B /* ConnectionViewController.h */,
				AA17A88318FF8B4400A0742B /* ConnectionViewController.m */,
			);
			name = Controllers;
			sourceTree = "<group>";
		};
		AA61B87718D6E4D600A77443 /* Models */ = {
			isa = PBXGroup;
			children = (
				AA17A87D18FF7CBD00A0742B /* DataJSON */,
				AA6543EC18D7E32D00D3EC56 /* PostModel.h */,
				AA6543ED18D7E32D00D3EC56 /* PostModel.m */,
				AA3DFDCD18F798F80027A52D /* UserModel.h */,
				AA3DFDCE18F798F80027A52D /* UserModel.m */,
				AA17A87418FF700D00A0742B /* TravelPlanObject.h */,
				AA17A87518FF700D00A0742B /* TravelPlanObject.m */,
				AA17A87718FF703200A0742B /* ConnectionsObject.h */,
				AA17A87818FF703200A0742B /* ConnectionsObject.m */,
				AA17A87A18FF710A00A0742B /* DataClient.h */,
				AA17A87B18FF710A00A0742B /* DataClient.m */,
			);
			name = Models;
			sourceTree = "<group>";
		};
		AA61B87818D6E4E000A77443 /* StoryBoard */ = {
			isa = PBXGroup;
			children = (
				AA61B85018D6DD8500A77443 /* Main.storyboard */,
			);
			name = StoryBoard;
			sourceTree = "<group>";
		};
		AA61B87918D6E4EA00A77443 /* Helpers */ = {
			isa = PBXGroup;
			children = (
			);
			name = Helpers;
			sourceTree = "<group>";
		};
/* End PBXGroup section */

/* Begin PBXNativeTarget section */
		AA61B83A18D6DD8500A77443 /* tripstr */ = {
			isa = PBXNativeTarget;
			buildConfigurationList = AA61B86D18D6DD8600A77443 /* Build configuration list for PBXNativeTarget "tripstr" */;
			buildPhases = (
				D479EA8F3DF2409C925A6A77 /* Check Pods Manifest.lock */,
				AA61B83718D6DD8500A77443 /* Sources */,
				AA61B83818D6DD8500A77443 /* Frameworks */,
				AA61B83918D6DD8500A77443 /* Resources */,
				DB30F5E83B0F424193F02F88 /* Copy Pods Resources */,
			);
			buildRules = (
			);
			dependencies = (
			);
			name = tripstr;
			productName = tripstr;
			productReference = AA61B83B18D6DD8500A77443 /* tripstr.app */;
			productType = "com.apple.product-type.application";
		};
		AA61B85B18D6DD8600A77443 /* tripstrTests */ = {
			isa = PBXNativeTarget;
			buildConfigurationList = AA61B87018D6DD8600A77443 /* Build configuration list for PBXNativeTarget "tripstrTests" */;
			buildPhases = (
				AA61B85818D6DD8600A77443 /* Sources */,
				AA61B85918D6DD8600A77443 /* Frameworks */,
				AA61B85A18D6DD8600A77443 /* Resources */,
			);
			buildRules = (
			);
			dependencies = (
				AA61B86218D6DD8600A77443 /* PBXTargetDependency */,
			);
			name = tripstrTests;
			productName = tripstrTests;
			productReference = AA61B85C18D6DD8600A77443 /* tripstrTests.xctest */;
			productType = "com.apple.product-type.bundle.unit-test";
		};
/* End PBXNativeTarget section */

/* Begin PBXProject section */
		AA61B83318D6DD8500A77443 /* Project object */ = {
			isa = PBXProject;
			attributes = {
				LastUpgradeCheck = 0500;
				ORGANIZATIONNAME = ctwsine;
				TargetAttributes = {
					AA61B85B18D6DD8600A77443 = {
						TestTargetID = AA61B83A18D6DD8500A77443;
					};
				};
			};
			buildConfigurationList = AA61B83618D6DD8500A77443 /* Build configuration list for PBXProject "tripstr" */;
			compatibilityVersion = "Xcode 3.2";
			developmentRegion = English;
			hasScannedForEncodings = 0;
			knownRegions = (
				en,
				Base,
			);
			mainGroup = AA61B83218D6DD8500A77443;
			productRefGroup = AA61B83C18D6DD8500A77443 /* Products */;
			projectDirPath = "";
			projectRoot = "";
			targets = (
				AA61B83A18D6DD8500A77443 /* tripstr */,
				AA61B85B18D6DD8600A77443 /* tripstrTests */,
			);
		};
/* End PBXProject section */

/* Begin PBXResourcesBuildPhase section */
		AA61B83918D6DD8500A77443 /* Resources */ = {
			isa = PBXResourcesBuildPhase;
			buildActionMask = 2147483647;
			files = (
				AA17A8C71900253E00A0742B /* travelplan.json in Resources */,
				AA17A88118FF889900A0742B /* connection.json in Resources */,
				AA61B85718D6DD8500A77443 /* Images.xcassets in Resources */,
				AA61B84918D6DD8500A77443 /* InfoPlist.strings in Resources */,
				AA61B85218D6DD8500A77443 /* Main.storyboard in Resources */,
			);
			runOnlyForDeploymentPostprocessing = 0;
		};
		AA61B85A18D6DD8600A77443 /* Resources */ = {
			isa = PBXResourcesBuildPhase;
			buildActionMask = 2147483647;
			files = (
				AA61B86818D6DD8600A77443 /* InfoPlist.strings in Resources */,
			);
			runOnlyForDeploymentPostprocessing = 0;
		};
/* End PBXResourcesBuildPhase section */

/* Begin PBXShellScriptBuildPhase section */
		D479EA8F3DF2409C925A6A77 /* Check Pods Manifest.lock */ = {
			isa = PBXShellScriptBuildPhase;
			buildActionMask = 2147483647;
			files = (
			);
			inputPaths = (
			);
			name = "Check Pods Manifest.lock";
			outputPaths = (
			);
			runOnlyForDeploymentPostprocessing = 0;
			shellPath = /bin/sh;
			shellScript = "diff \"${PODS_ROOT}/../Podfile.lock\" \"${PODS_ROOT}/Manifest.lock\" > /dev/null\nif [[ $? != 0 ]] ; then\n    cat << EOM\nerror: The sandbox is not in sync with the Podfile.lock. Run 'pod install' or update your CocoaPods installation.\nEOM\n    exit 1\nfi\n";
			showEnvVarsInLog = 0;
		};
		DB30F5E83B0F424193F02F88 /* Copy Pods Resources */ = {
			isa = PBXShellScriptBuildPhase;
			buildActionMask = 2147483647;
			files = (
			);
			inputPaths = (
			);
			name = "Copy Pods Resources";
			outputPaths = (
			);
			runOnlyForDeploymentPostprocessing = 0;
			shellPath = /bin/sh;
			shellScript = "\"${SRCROOT}/Pods/Pods-resources.sh\"\n";
			showEnvVarsInLog = 0;
		};
/* End PBXShellScriptBuildPhase section */

/* Begin PBXSourcesBuildPhase section */
		AA61B83718D6DD8500A77443 /* Sources */ = {
			isa = PBXSourcesBuildPhase;
			buildActionMask = 2147483647;
			files = (
				AA61B88518D6EB2900A77443 /* TravelListViewController.m in Sources */,
				AA17A87C18FF710A00A0742B /* DataClient.m in Sources */,
				AA17A88418FF8B4400A0742B /* ConnectionViewController.m in Sources */,
				AA65440318D87D1E00D3EC56 /* LeftMenuCell.m in Sources */,
				AA61B87F18D6EAD700A77443 /* PostViewController.m in Sources */,
				AA61B88B18D6EB9900A77443 /* AddTravelViewController.m in Sources */,
				AA17A87618FF700D00A0742B /* TravelPlanObject.m in Sources */,
				AA6543F718D80EB700D3EC56 /* TravelListTableView.m in Sources */,
				AA61B84F18D6DD8500A77443 /* AppDelegate.m in Sources */,
				AA17A87918FF703200A0742B /* ConnectionsObject.m in Sources */,
				AA61B89118D6EBCB00A77443 /* AddPostViewController.m in Sources */,
				AA61B87C18D6E5AD00A77443 /* BrowseViewController.m in Sources */,
				AA61B84B18D6DD8500A77443 /* main.m in Sources */,
				AA65440018D87D0000D3EC56 /* LeftMenuTableView.m in Sources */,
				AA61B88818D6EB7800A77443 /* TravelPlanViewController.m in Sources */,
				AA61B88218D6EAEE00A77443 /* ProfileViewController.m in Sources */,
				AA61B89418D6EBE700A77443 /* MyProfileViewController.m in Sources */,
				AA3DFDCF18F798F80027A52D /* UserModel.m in Sources */,
				AA6543FA18D80EDF00D3EC56 /* TravelListCell.m in Sources */,
				AA6543EB18D7E1F300D3EC56 /* PostListTableView.m in Sources */,
				AA6543F418D7E5D000D3EC56 /* PostListCell.m in Sources */,
				AA6543EE18D7E32D00D3EC56 /* PostModel.m in Sources */,
				AA61B89718D6ECCE00A77443 /* LeftMenuViewController.m in Sources */,
				AA61B88E18D6EBA900A77443 /* PostListViewController.m in Sources */,
				AA6543F118D7E35F00D3EC56 /* LoginViewController.m in Sources */,
				AA17A8CA19003EEB00A0742B /* ConnectionListCell.m in Sources */,
			);
			runOnlyForDeploymentPostprocessing = 0;
		};
		AA61B85818D6DD8600A77443 /* Sources */ = {
			isa = PBXSourcesBuildPhase;
			buildActionMask = 2147483647;
			files = (
				AA61B86A18D6DD8600A77443 /* tripstrTests.m in Sources */,
			);
			runOnlyForDeploymentPostprocessing = 0;
		};
/* End PBXSourcesBuildPhase section */

/* Begin PBXTargetDependency section */
		AA61B86218D6DD8600A77443 /* PBXTargetDependency */ = {
			isa = PBXTargetDependency;
			target = AA61B83A18D6DD8500A77443 /* tripstr */;
			targetProxy = AA61B86118D6DD8600A77443 /* PBXContainerItemProxy */;
		};
/* End PBXTargetDependency section */

/* Begin PBXVariantGroup section */
		AA61B84718D6DD8500A77443 /* InfoPlist.strings */ = {
			isa = PBXVariantGroup;
			children = (
				AA61B84818D6DD8500A77443 /* en */,
			);
			name = InfoPlist.strings;
			sourceTree = "<group>";
		};
		AA61B85018D6DD8500A77443 /* Main.storyboard */ = {
			isa = PBXVariantGroup;
			children = (
				AA61B85118D6DD8500A77443 /* Base */,
			);
			name = Main.storyboard;
			sourceTree = "<group>";
		};
		AA61B86618D6DD8600A77443 /* InfoPlist.strings */ = {
			isa = PBXVariantGroup;
			children = (
				AA61B86718D6DD8600A77443 /* en */,
			);
			name = InfoPlist.strings;
			sourceTree = "<group>";
		};
/* End PBXVariantGroup section */

/* Begin XCBuildConfiguration section */
		AA61B86B18D6DD8600A77443 /* Debug */ = {
			isa = XCBuildConfiguration;
			buildSettings = {
				ALWAYS_SEARCH_USER_PATHS = NO;
				ARCHS = "$(ARCHS_STANDARD_INCLUDING_64_BIT)";
				CLANG_CXX_LANGUAGE_STANDARD = "gnu++0x";
				CLANG_CXX_LIBRARY = "libc++";
				CLANG_ENABLE_MODULES = YES;
				CLANG_ENABLE_OBJC_ARC = YES;
				CLANG_WARN_BOOL_CONVERSION = YES;
				CLANG_WARN_CONSTANT_CONVERSION = YES;
				CLANG_WARN_DIRECT_OBJC_ISA_USAGE = YES_ERROR;
				CLANG_WARN_EMPTY_BODY = YES;
				CLANG_WARN_ENUM_CONVERSION = YES;
				CLANG_WARN_INT_CONVERSION = YES;
				CLANG_WARN_OBJC_ROOT_CLASS = YES_ERROR;
				CLANG_WARN__DUPLICATE_METHOD_MATCH = YES;
				"CODE_SIGN_IDENTITY[sdk=iphoneos*]" = "iPhone Developer";
				COPY_PHASE_STRIP = NO;
				GCC_C_LANGUAGE_STANDARD = gnu99;
				GCC_DYNAMIC_NO_PIC = NO;
				GCC_OPTIMIZATION_LEVEL = 0;
				GCC_PREPROCESSOR_DEFINITIONS = (
					"DEBUG=1",
					"$(inherited)",
				);
				GCC_SYMBOLS_PRIVATE_EXTERN = NO;
				GCC_WARN_64_TO_32_BIT_CONVERSION = YES;
				GCC_WARN_ABOUT_RETURN_TYPE = YES_ERROR;
				GCC_WARN_UNDECLARED_SELECTOR = YES;
				GCC_WARN_UNINITIALIZED_AUTOS = YES;
				GCC_WARN_UNUSED_FUNCTION = YES;
				GCC_WARN_UNUSED_VARIABLE = YES;
				IPHONEOS_DEPLOYMENT_TARGET = 7.0;
				ONLY_ACTIVE_ARCH = YES;
				SDKROOT = iphoneos;
			};
			name = Debug;
		};
		AA61B86C18D6DD8600A77443 /* Release */ = {
			isa = XCBuildConfiguration;
			buildSettings = {
				ALWAYS_SEARCH_USER_PATHS = NO;
				ARCHS = "$(ARCHS_STANDARD_INCLUDING_64_BIT)";
				CLANG_CXX_LANGUAGE_STANDARD = "gnu++0x";
				CLANG_CXX_LIBRARY = "libc++";
				CLANG_ENABLE_MODULES = YES;
				CLANG_ENABLE_OBJC_ARC = YES;
				CLANG_WARN_BOOL_CONVERSION = YES;
				CLANG_WARN_CONSTANT_CONVERSION = YES;
				CLANG_WARN_DIRECT_OBJC_ISA_USAGE = YES_ERROR;
				CLANG_WARN_EMPTY_BODY = YES;
				CLANG_WARN_ENUM_CONVERSION = YES;
				CLANG_WARN_INT_CONVERSION = YES;
				CLANG_WARN_OBJC_ROOT_CLASS = YES_ERROR;
				CLANG_WARN__DUPLICATE_METHOD_MATCH = YES;
				"CODE_SIGN_IDENTITY[sdk=iphoneos*]" = "iPhone Developer";
				COPY_PHASE_STRIP = YES;
				ENABLE_NS_ASSERTIONS = NO;
				GCC_C_LANGUAGE_STANDARD = gnu99;
				GCC_WARN_64_TO_32_BIT_CONVERSION = YES;
				GCC_WARN_ABOUT_RETURN_TYPE = YES_ERROR;
				GCC_WARN_UNDECLARED_SELECTOR = YES;
				GCC_WARN_UNINITIALIZED_AUTOS = YES;
				GCC_WARN_UNUSED_FUNCTION = YES;
				GCC_WARN_UNUSED_VARIABLE = YES;
				IPHONEOS_DEPLOYMENT_TARGET = 7.0;
				SDKROOT = iphoneos;
				VALIDATE_PRODUCT = YES;
			};
			name = Release;
		};
		AA61B86E18D6DD8600A77443 /* Debug */ = {
			isa = XCBuildConfiguration;
			baseConfigurationReference = D0996741F86E44F1BEAAFED9 /* Pods.xcconfig */;
			buildSettings = {
				ASSETCATALOG_COMPILER_APPICON_NAME = AppIcon;
				ASSETCATALOG_COMPILER_LAUNCHIMAGE_NAME = LaunchImage;
				GCC_PRECOMPILE_PREFIX_HEADER = YES;
				GCC_PREFIX_HEADER = "tripstr/tripstr-Prefix.pch";
				INFOPLIST_FILE = "tripstr/tripstr-Info.plist";
				PRODUCT_NAME = "$(TARGET_NAME)";
				WRAPPER_EXTENSION = app;
			};
			name = Debug;
		};
		AA61B86F18D6DD8600A77443 /* Release */ = {
			isa = XCBuildConfiguration;
			baseConfigurationReference = D0996741F86E44F1BEAAFED9 /* Pods.xcconfig */;
			buildSettings = {
				ASSETCATALOG_COMPILER_APPICON_NAME = AppIcon;
				ASSETCATALOG_COMPILER_LAUNCHIMAGE_NAME = LaunchImage;
				GCC_PRECOMPILE_PREFIX_HEADER = YES;
				GCC_PREFIX_HEADER = "tripstr/tripstr-Prefix.pch";
				INFOPLIST_FILE = "tripstr/tripstr-Info.plist";
				PRODUCT_NAME = "$(TARGET_NAME)";
				WRAPPER_EXTENSION = app;
			};
			name = Release;
		};
		AA61B87118D6DD8600A77443 /* Debug */ = {
			isa = XCBuildConfiguration;
			buildSettings = {
				ARCHS = "$(ARCHS_STANDARD_INCLUDING_64_BIT)";
				BUNDLE_LOADER = "$(BUILT_PRODUCTS_DIR)/tripstr.app/tripstr";
				FRAMEWORK_SEARCH_PATHS = (
					"$(SDKROOT)/Developer/Library/Frameworks",
					"$(inherited)",
					"$(DEVELOPER_FRAMEWORKS_DIR)",
				);
				GCC_PRECOMPILE_PREFIX_HEADER = YES;
				GCC_PREFIX_HEADER = "tripstr/tripstr-Prefix.pch";
				GCC_PREPROCESSOR_DEFINITIONS = (
					"DEBUG=1",
					"$(inherited)",
				);
				INFOPLIST_FILE = "tripstrTests/tripstrTests-Info.plist";
				PRODUCT_NAME = "$(TARGET_NAME)";
				TEST_HOST = "$(BUNDLE_LOADER)";
				WRAPPER_EXTENSION = xctest;
			};
			name = Debug;
		};
		AA61B87218D6DD8600A77443 /* Release */ = {
			isa = XCBuildConfiguration;
			buildSettings = {
				ARCHS = "$(ARCHS_STANDARD_INCLUDING_64_BIT)";
				BUNDLE_LOADER = "$(BUILT_PRODUCTS_DIR)/tripstr.app/tripstr";
				FRAMEWORK_SEARCH_PATHS = (
					"$(SDKROOT)/Developer/Library/Frameworks",
					"$(inherited)",
					"$(DEVELOPER_FRAMEWORKS_DIR)",
				);
				GCC_PRECOMPILE_PREFIX_HEADER = YES;
				GCC_PREFIX_HEADER = "tripstr/tripstr-Prefix.pch";
				INFOPLIST_FILE = "tripstrTests/tripstrTests-Info.plist";
				PRODUCT_NAME = "$(TARGET_NAME)";
				TEST_HOST = "$(BUNDLE_LOADER)";
				WRAPPER_EXTENSION = xctest;
			};
			name = Release;
		};
/* End XCBuildConfiguration section */

/* Begin XCConfigurationList section */
		AA61B83618D6DD8500A77443 /* Build configuration list for PBXProject "tripstr" */ = {
			isa = XCConfigurationList;
			buildConfigurations = (
				AA61B86B18D6DD8600A77443 /* Debug */,
				AA61B86C18D6DD8600A77443 /* Release */,
			);
			defaultConfigurationIsVisible = 0;
			defaultConfigurationName = Release;
		};
		AA61B86D18D6DD8600A77443 /* Build configuration list for PBXNativeTarget "tripstr" */ = {
			isa = XCConfigurationList;
			buildConfigurations = (
				AA61B86E18D6DD8600A77443 /* Debug */,
				AA61B86F18D6DD8600A77443 /* Release */,
			);
			defaultConfigurationIsVisible = 0;
			defaultConfigurationName = Release;
		};
		AA61B87018D6DD8600A77443 /* Build configuration list for PBXNativeTarget "tripstrTests" */ = {
			isa = XCConfigurationList;
			buildConfigurations = (
				AA61B87118D6DD8600A77443 /* Debug */,
				AA61B87218D6DD8600A77443 /* Release */,
			);
			defaultConfigurationIsVisible = 0;
			defaultConfigurationName = Release;
		};
/* End XCConfigurationList section */
	};
	rootObject = AA61B83318D6DD8500A77443 /* Project object */;
}
